lockfileVersion: '9.0'

settings:
  autoInstallPeers: true
  excludeLinksFromLockfile: false

importers:

  .:
    dependencies:
      '@tailwindcss/postcss':
        specifier: 4.0.0-alpha.20
        version: 4.0.0-alpha.20(postcss@8.4.41)
      '@types/node':
        specifier: ts5.5
        version: 22.5.0
      '@types/react':
        specifier: ts5.5
        version: 18.3.4
      '@types/react-dom':
        specifier: ts5.5
        version: 18.3.0
      '@vercel/analytics':
        specifier: 1.3.1
        version: 1.3.1(next@15.0.0-canary.130(react-dom@19.0.0-rc-1eaccd82-20240816(react@19.0.0-rc-1eaccd82-20240816))(react@19.0.0-rc-1eaccd82-20240816))(react@19.0.0-rc-1eaccd82-20240816)
      '@vercel/speed-insights':
        specifier: 1.0.12
        version: 1.0.12(next@15.0.0-canary.130(react-dom@19.0.0-rc-1eaccd82-20240816(react@19.0.0-rc-1eaccd82-20240816))(react@19.0.0-rc-1eaccd82-20240816))(react@19.0.0-rc-1eaccd82-20240816)
      geist:
        specifier: 1.3.1
        version: 1.3.1(next@15.0.0-canary.130(react-dom@19.0.0-rc-1eaccd82-20240816(react@19.0.0-rc-1eaccd82-20240816))(react@19.0.0-rc-1eaccd82-20240816))
      next:
        specifier: 15.0.0-canary.130
        version: 15.0.0-canary.130(react-dom@19.0.0-rc-1eaccd82-20240816(react@19.0.0-rc-1eaccd82-20240816))(react@19.0.0-rc-1eaccd82-20240816)
      postcss:
        specifier: 8.4.41
        version: 8.4.41
      react:
        specifier: 19.0.0-rc-1eaccd82-20240816
        version: 19.0.0-rc-1eaccd82-20240816
      react-dom:
        specifier: 19.0.0-rc-1eaccd82-20240816
        version: 19.0.0-rc-1eaccd82-20240816(react@19.0.0-rc-1eaccd82-20240816)
      tailwindcss:
        specifier: 4.0.0-alpha.20
        version: 4.0.0-alpha.20
      typescript:
        specifier: 5.5.4
        version: 5.5.4
      yet-another-react-lightbox:
        specifier: 3.21.4
        version: 3.21.4(react-dom@19.0.0-rc-1eaccd82-20240816(react@19.0.0-rc-1eaccd82-20240816))(react@19.0.0-rc-1eaccd82-20240816)
    devDependencies:
      sharp:
        specifier: ^0.33.5
        version: 0.33.5

packages:

  '@emnapi/runtime@1.2.0':
    resolution: {integrity: sha512-bV21/9LQmcQeCPEg3BDFtvwL6cwiTMksYNWQQ4KOxCZikEGalWtenoZ0wCiukJINlGCIi2KXx01g4FoH/LxpzQ==}

  '@img/sharp-darwin-arm64@0.33.5':
    resolution: {integrity: sha512-UT4p+iz/2H4twwAoLCqfA9UH5pI6DggwKEGuaPy7nCVQ8ZsiY5PIcrRvD1DzuY3qYL07NtIQcWnBSY/heikIFQ==}
    engines: {node: ^18.17.0 || ^20.3.0 || >=21.0.0}
    cpu: [arm64]
    os: [darwin]

  '@img/sharp-darwin-x64@0.33.5':
    resolution: {integrity: sha512-fyHac4jIc1ANYGRDxtiqelIbdWkIuQaI84Mv45KvGRRxSAa7o7d1ZKAOBaYbnepLC1WqxfpimdeWfvqqSGwR2Q==}
    engines: {node: ^18.17.0 || ^20.3.0 || >=21.0.0}
    cpu: [x64]
    os: [darwin]

  '@img/sharp-libvips-darwin-arm64@1.0.4':
    resolution: {integrity: sha512-XblONe153h0O2zuFfTAbQYAX2JhYmDHeWikp1LM9Hul9gVPjFY427k6dFEcOL72O01QxQsWi761svJ/ev9xEDg==}
    cpu: [arm64]
    os: [darwin]

  '@img/sharp-libvips-darwin-x64@1.0.4':
    resolution: {integrity: sha512-xnGR8YuZYfJGmWPvmlunFaWJsb9T/AO2ykoP3Fz/0X5XV2aoYBPkX6xqCQvUTKKiLddarLaxpzNe+b1hjeWHAQ==}
    cpu: [x64]
    os: [darwin]

  '@img/sharp-libvips-linux-arm64@1.0.4':
    resolution: {integrity: sha512-9B+taZ8DlyyqzZQnoeIvDVR/2F4EbMepXMc/NdVbkzsJbzkUjhXv/70GQJ7tdLA4YJgNP25zukcxpX2/SueNrA==}
    cpu: [arm64]
    os: [linux]

  '@img/sharp-libvips-linux-arm@1.0.5':
    resolution: {integrity: sha512-gvcC4ACAOPRNATg/ov8/MnbxFDJqf/pDePbBnuBDcjsI8PssmjoKMAz4LtLaVi+OnSb5FK/yIOamqDwGmXW32g==}
    cpu: [arm]
    os: [linux]

  '@img/sharp-libvips-linux-s390x@1.0.4':
    resolution: {integrity: sha512-u7Wz6ntiSSgGSGcjZ55im6uvTrOxSIS8/dgoVMoiGE9I6JAfU50yH5BoDlYA1tcuGS7g/QNtetJnxA6QEsCVTA==}
    cpu: [s390x]
    os: [linux]

  '@img/sharp-libvips-linux-x64@1.0.4':
    resolution: {integrity: sha512-MmWmQ3iPFZr0Iev+BAgVMb3ZyC4KeFc3jFxnNbEPas60e1cIfevbtuyf9nDGIzOaW9PdnDciJm+wFFaTlj5xYw==}
    cpu: [x64]
    os: [linux]

  '@img/sharp-libvips-linuxmusl-arm64@1.0.4':
    resolution: {integrity: sha512-9Ti+BbTYDcsbp4wfYib8Ctm1ilkugkA/uscUn6UXK1ldpC1JjiXbLfFZtRlBhjPZ5o1NCLiDbg8fhUPKStHoTA==}
    cpu: [arm64]
    os: [linux]

  '@img/sharp-libvips-linuxmusl-x64@1.0.4':
    resolution: {integrity: sha512-viYN1KX9m+/hGkJtvYYp+CCLgnJXwiQB39damAO7WMdKWlIhmYTfHjwSbQeUK/20vY154mwezd9HflVFM1wVSw==}
    cpu: [x64]
    os: [linux]

  '@img/sharp-linux-arm64@0.33.5':
    resolution: {integrity: sha512-JMVv+AMRyGOHtO1RFBiJy/MBsgz0x4AWrT6QoEVVTyh1E39TrCUpTRI7mx9VksGX4awWASxqCYLCV4wBZHAYxA==}
    engines: {node: ^18.17.0 || ^20.3.0 || >=21.0.0}
    cpu: [arm64]
    os: [linux]

  '@img/sharp-linux-arm@0.33.5':
    resolution: {integrity: sha512-JTS1eldqZbJxjvKaAkxhZmBqPRGmxgu+qFKSInv8moZ2AmT5Yib3EQ1c6gp493HvrvV8QgdOXdyaIBrhvFhBMQ==}
    engines: {node: ^18.17.0 || ^20.3.0 || >=21.0.0}
    cpu: [arm]
    os: [linux]

  '@img/sharp-linux-s390x@0.33.5':
    resolution: {integrity: sha512-y/5PCd+mP4CA/sPDKl2961b+C9d+vPAveS33s6Z3zfASk2j5upL6fXVPZi7ztePZ5CuH+1kW8JtvxgbuXHRa4Q==}
    engines: {node: ^18.17.0 || ^20.3.0 || >=21.0.0}
    cpu: [s390x]
    os: [linux]

  '@img/sharp-linux-x64@0.33.5':
    resolution: {integrity: sha512-opC+Ok5pRNAzuvq1AG0ar+1owsu842/Ab+4qvU879ippJBHvyY5n2mxF1izXqkPYlGuP/M556uh53jRLJmzTWA==}
    engines: {node: ^18.17.0 || ^20.3.0 || >=21.0.0}
    cpu: [x64]
    os: [linux]

  '@img/sharp-linuxmusl-arm64@0.33.5':
    resolution: {integrity: sha512-XrHMZwGQGvJg2V/oRSUfSAfjfPxO+4DkiRh6p2AFjLQztWUuY/o8Mq0eMQVIY7HJ1CDQUJlxGGZRw1a5bqmd1g==}
    engines: {node: ^18.17.0 || ^20.3.0 || >=21.0.0}
    cpu: [arm64]
    os: [linux]

  '@img/sharp-linuxmusl-x64@0.33.5':
    resolution: {integrity: sha512-WT+d/cgqKkkKySYmqoZ8y3pxx7lx9vVejxW/W4DOFMYVSkErR+w7mf2u8m/y4+xHe7yY9DAXQMWQhpnMuFfScw==}
    engines: {node: ^18.17.0 || ^20.3.0 || >=21.0.0}
    cpu: [x64]
    os: [linux]

  '@img/sharp-wasm32@0.33.5':
    resolution: {integrity: sha512-ykUW4LVGaMcU9lu9thv85CbRMAwfeadCJHRsg2GmeRa/cJxsVY9Rbd57JcMxBkKHag5U/x7TSBpScF4U8ElVzg==}
    engines: {node: ^18.17.0 || ^20.3.0 || >=21.0.0}
    cpu: [wasm32]

  '@img/sharp-win32-ia32@0.33.5':
    resolution: {integrity: sha512-T36PblLaTwuVJ/zw/LaH0PdZkRz5rd3SmMHX8GSmR7vtNSP5Z6bQkExdSK7xGWyxLw4sUknBuugTelgw2faBbQ==}
    engines: {node: ^18.17.0 || ^20.3.0 || >=21.0.0}
    cpu: [ia32]
    os: [win32]

  '@img/sharp-win32-x64@0.33.5':
    resolution: {integrity: sha512-MpY/o8/8kj+EcnxwvrP4aTJSWw/aZ7JIGR4aBeZkZw5B7/Jn+tY9/VNwtcoGmdT7GfggGIU4kygOMSbYnOrAbg==}
    engines: {node: ^18.17.0 || ^20.3.0 || >=21.0.0}
    cpu: [x64]
    os: [win32]

  '@next/env@15.0.0-canary.130':
    resolution: {integrity: sha512-TPyUrSoNel8r/zK4udsdZYlckh4GAl9lkIjdbGigsCy36SvmFLKr1+6ib0El74Lp4VYUCky7fSrp40hmiXQbAQ==}

  '@next/swc-darwin-arm64@15.0.0-canary.130':
    resolution: {integrity: sha512-i78IahlCCxgFM5LO3Wg65ruRirLn6C3dji5quWxtuht3A2IUMMIwUaCKffFNF6PPS+gN3i6WS3ll5VKT7ETtPQ==}
    engines: {node: '>= 10'}
    cpu: [arm64]
    os: [darwin]

  '@next/swc-darwin-x64@15.0.0-canary.130':
    resolution: {integrity: sha512-6ad2/R48GmK/4Q+zDnKvZZgeBLhPY9lAoOSa7bbjDnzeum+2WLiqVwFIK6m/LQtMUvInNuXML0bxC7w87aCfgA==}
    engines: {node: '>= 10'}
    cpu: [x64]
    os: [darwin]

  '@next/swc-linux-arm64-gnu@15.0.0-canary.130':
    resolution: {integrity: sha512-x1GtTrNUTFm4JvaatTEQwjcIJWXy0aGVm2xCzic+TupzP6Ofrp+KY3JwUFR1CiCBjSIemgxKOhYvKRSjDIP/Dg==}
    engines: {node: '>= 10'}
    cpu: [arm64]
    os: [linux]

  '@next/swc-linux-arm64-musl@15.0.0-canary.130':
    resolution: {integrity: sha512-ec/kxN71GsCdp6qc2n+/Z6laIrD2DWsGS1DdVUR1jR+DAHPqCG0wPwBB+erhf0+TLBWqCyWayJ1WoSleCIfdWA==}
    engines: {node: '>= 10'}
    cpu: [arm64]
    os: [linux]

  '@next/swc-linux-x64-gnu@15.0.0-canary.130':
    resolution: {integrity: sha512-BkORXTSHrs2PW1mUuX8L7RAEtcSapH6TbhRR2jV/22VF9bAMzGmK/+/waNO0OwyMTcYu1O1eZHok3cRqESnYfQ==}
    engines: {node: '>= 10'}
    cpu: [x64]
    os: [linux]

  '@next/swc-linux-x64-musl@15.0.0-canary.130':
    resolution: {integrity: sha512-JeWF76srIvcn9GGkXUdVz078lnlZxXfGx8otIOYMSBfwWgkcxq6aM0RpjhPqqLi1AGvCTmDzq18Wof/Hef4THQ==}
    engines: {node: '>= 10'}
    cpu: [x64]
    os: [linux]

  '@next/swc-win32-arm64-msvc@15.0.0-canary.130':
    resolution: {integrity: sha512-pyzWVUUY+PbNV4i0mfF4RUF3sPNEYZ639eLCThbSbcaonAKl0ijyIuBMWUAKY7R61qu1K91/o4shLHG5Q1/kIw==}
    engines: {node: '>= 10'}
    cpu: [arm64]
    os: [win32]

  '@next/swc-win32-ia32-msvc@15.0.0-canary.130':
    resolution: {integrity: sha512-zKZ/rq7tm6GUrO+pOYNDAloVLn7VbIn+d2tBknpc5iC3Lp3UPO7omgD7qu3yzDRK7aw1vYxA2s7l3ojR+QnpJg==}
    engines: {node: '>= 10'}
    cpu: [ia32]
    os: [win32]

  '@next/swc-win32-x64-msvc@15.0.0-canary.130':
    resolution: {integrity: sha512-LuLjeYm+I7hFvnkI5GAUyUGbpqtAuSN9zf7v+JdTA4+1G2wSPV0qzEjtJKY5ivd3Lhq8Q8vPgSPAZoFP/Ch5bA==}
    engines: {node: '>= 10'}
    cpu: [x64]
    os: [win32]

  '@swc/counter@0.1.3':
    resolution: {integrity: sha512-e2BR4lsJkkRlKZ/qCHPw9ZaSxc0MVUd7gtbtaB7aMvHeJVYe8sOB8DBZkP2DtISHGSku9sCK6T6cnY0CtXrOCQ==}

  '@swc/helpers@0.5.12':
    resolution: {integrity: sha512-KMZNXiGibsW9kvZAO1Pam2JPTDBm+KSHMMHWdsyI/1DbIZjT2A6Gy3hblVXUMEDvUAKq+e0vL0X0o54owWji7g==}

  '@tailwindcss/oxide-android-arm64@4.0.0-alpha.20':
    resolution: {integrity: sha512-aZFvNDl73UuziTZQAIV+ixRBuPB8J8EB/GHgTgtAqbBDxB2t4k3jEqolZvktNUG3FyO4vkpJ+kr5j9yINU3e8g==}
    engines: {node: '>= 10'}
    cpu: [arm64]
    os: [android]

  '@tailwindcss/oxide-darwin-arm64@4.0.0-alpha.20':
    resolution: {integrity: sha512-Rb5dnHnc6lfwR1571iCxORPb6iX3rLAW26WaI/5Z/PxYwxHCFdsI0qHQzu+GmU1Frj2J/78su4GeWDUMKQ+dVQ==}
    engines: {node: '>= 10'}
    cpu: [arm64]
    os: [darwin]

  '@tailwindcss/oxide-darwin-x64@4.0.0-alpha.20':
    resolution: {integrity: sha512-ijuQQpR3kBVmBZ8flqUNS/EAqxMgF55+IBlP3Zw//LDESfz0Qn9XhgGDzNXDp5oRHuRC3mRdhj18XpXfCTiubA==}
    engines: {node: '>= 10'}
    cpu: [x64]
    os: [darwin]

  '@tailwindcss/oxide-freebsd-x64@4.0.0-alpha.20':
    resolution: {integrity: sha512-RSt3RJ68jwTJn5comgPxYESzyPJ2IShrkfb297fHoINg4icoSrKfD7j/GdgJHh76jbN1OyxJs/KAS92jwph1mQ==}
    engines: {node: '>= 10'}
    cpu: [x64]
    os: [freebsd]

  '@tailwindcss/oxide-linux-arm-gnueabihf@4.0.0-alpha.20':
    resolution: {integrity: sha512-vCfD284hLDD6paN1MWc6dOG8Fkhq935sODXLYqef2oLAq/NylQYznVejQfJBvkbcYipyfADCBl9RbrwwiJ63AA==}
    engines: {node: '>= 10'}
    cpu: [arm]
    os: [linux]

  '@tailwindcss/oxide-linux-arm64-gnu@4.0.0-alpha.20':
    resolution: {integrity: sha512-R9vJT1lXHMwOkcVZcn3dR/HdVf/0Cyu7soUjZDkZPMRVhsmBqypxiDyDVpr3pm3F7KTNKt3mIfipwDN7zLX0EQ==}
    engines: {node: '>= 10'}
    cpu: [arm64]
    os: [linux]

  '@tailwindcss/oxide-linux-arm64-musl@4.0.0-alpha.20':
    resolution: {integrity: sha512-oikEVW+LoEsDOpjeME6Y25zccmWITJ4XgTROmgRf3O/t7767HmZr4XVyBcWORCLNKe/fzw0il990XVBr8E7i3g==}
    engines: {node: '>= 10'}
    cpu: [arm64]
    os: [linux]

  '@tailwindcss/oxide-linux-x64-gnu@4.0.0-alpha.20':
    resolution: {integrity: sha512-w+INqq8rcCfNK7FfYUJV33B5DXBMII+rePlYBri3nc/kIv0b1hGul3uBW5CxcmhS5zuExFAL9kYvBzatXe1L5w==}
    engines: {node: '>= 10'}
    cpu: [x64]
    os: [linux]

  '@tailwindcss/oxide-linux-x64-musl@4.0.0-alpha.20':
    resolution: {integrity: sha512-O63RFK0aRgwuN3BXvRF+uFC33NL141vorqqbV3/vau68Sv4dxnn55SqSOaou0PdVMrAzxRC5AUgPZxtyHs0SlA==}
    engines: {node: '>= 10'}
    cpu: [x64]
    os: [linux]

  '@tailwindcss/oxide-win32-x64-msvc@4.0.0-alpha.20':
    resolution: {integrity: sha512-TPcY2bZTTxzKQ9hlWfZkstVIStX+ZNzENJ4XLkaNaLAHjpy8yg+Pnh67WL+LlQGHGM3agXer8drdjCISO+QjFw==}
    engines: {node: '>= 10'}
    cpu: [x64]
    os: [win32]

  '@tailwindcss/oxide@4.0.0-alpha.20':
    resolution: {integrity: sha512-qem01LDyzYwbPUazt6HVDPz0WQpHiXdoVjzzb9dHSpvoJXEUwDY7y1Ujlj3g56lHizo+xJEJ3g3av0Wzuqr/QQ==}
    engines: {node: '>= 10'}

  '@tailwindcss/postcss@4.0.0-alpha.20':
    resolution: {integrity: sha512-RhpojSeAudRH1rmh9QRtO/1bJGmQ0Bo4mHPOLt90v7FMuASIqS4a3Z17+t7G/1rE7bEbjZJbQm4BW5vqPLT3+g==}

  '@types/node@22.5.0':
    resolution: {integrity: sha512-DkFrJOe+rfdHTqqMg0bSNlGlQ85hSoh2TPzZyhHsXnMtligRWpxUySiyw8FY14ITt24HVCiQPWxS3KO/QlGmWg==}

  '@types/prop-types@15.7.12':
    resolution: {integrity: sha512-5zvhXYtRNRluoE/jAp4GVsSduVUzNWKkOZrCDBWYtE7biZywwdC2AcEzg+cSMLFRfVgeAFqpfNabiPjxFddV1Q==}

  '@types/react-dom@18.3.0':
    resolution: {integrity: sha512-EhwApuTmMBmXuFOikhQLIBUn6uFg81SwLMOAUgodJF14SOBOCMdU04gDoYi0WOJJHD144TL32z4yDqCW3dnkQg==}

  '@types/react@18.3.4':
    resolution: {integrity: sha512-J7W30FTdfCxDDjmfRM+/JqLHBIyl7xUIp9kwK637FGmY7+mkSFSe6L4jpZzhj5QMfLssSDP4/i75AKkrdC7/Jw==}

  '@vercel/analytics@1.3.1':
    resolution: {integrity: sha512-xhSlYgAuJ6Q4WQGkzYTLmXwhYl39sWjoMA3nHxfkvG+WdBT25c563a7QhwwKivEOZtPJXifYHR1m2ihoisbWyA==}
    peerDependencies:
      next: '>= 13'
      react: ^18 || ^19
    peerDependenciesMeta:
      next:
        optional: true
      react:
        optional: true

  '@vercel/speed-insights@1.0.12':
    resolution: {integrity: sha512-ZGQ+a7bcfWJD2VYEp2R1LHvRAMyyaFBYytZXsfnbOMkeOvzGNVxUL7aVUvisIrTZjXTSsxG45DKX7yiw6nq2Jw==}
    peerDependencies:
      '@sveltejs/kit': ^1 || ^2
      next: '>= 13'
      react: ^18 || ^19
      svelte: ^4
      vue: ^3
      vue-router: ^4
    peerDependenciesMeta:
      '@sveltejs/kit':
        optional: true
      next:
        optional: true
      react:
        optional: true
      svelte:
        optional: true
      vue:
        optional: true
      vue-router:
        optional: true

  busboy@1.6.0:
    resolution: {integrity: sha512-8SFQbg/0hQ9xy3UNTB0YEnsNBbWfhf7RtnzpL7TkBiTBRfrQ9Fxcnz7VJsleJpyp6rVLvXiuORqjlHi5q+PYuA==}
    engines: {node: '>=10.16.0'}

  caniuse-lite@1.0.30001653:
    resolution: {integrity: sha512-XGWQVB8wFQ2+9NZwZ10GxTYC5hk0Fa+q8cSkr0tgvMhYhMHP/QC+WTgrePMDBWiWc/pV+1ik82Al20XOK25Gcw==}

  client-only@0.0.1:
    resolution: {integrity: sha512-IV3Ou0jSMzZrd3pZ48nLkT9DA7Ag1pnPzaiQhpW7c3RbcqqzvzzVu+L8gfqMp/8IM2MQtSiqaCxrrcfu8I8rMA==}

  color-convert@2.0.1:
    resolution: {integrity: sha512-RRECPsj7iu/xb5oKYcsFHSppFNnsj/52OVTRKb4zP5onXwVF3zVmmToNcOfGC+CRDpfK/U584fMg38ZHCaElKQ==}
    engines: {node: '>=7.0.0'}

  color-name@1.1.4:
    resolution: {integrity: sha512-dOy+3AuW3a2wNbZHIuMZpTcgjGuLU/uBL/ubcZF9OXbDo8ff4O8yVp5Bf0efS8uEoYo5q4Fx7dY9OgQGXgAsQA==}

  color-string@1.9.1:
    resolution: {integrity: sha512-shrVawQFojnZv6xM40anx4CkoDP+fZsw/ZerEMsW/pyzsRbElpsL/DBVW7q3ExxwusdNXI3lXpuhEZkzs8p5Eg==}

  color@4.2.3:
    resolution: {integrity: sha512-1rXeuUUiGGrykh+CeBdu5Ie7OJwinCgQY0bc7GCRxy5xVHy+moaqkpL/jqQq0MtQOeYcrqEz4abc5f0KtU7W4A==}
    engines: {node: '>=12.5.0'}

  csstype@3.1.3:
    resolution: {integrity: sha512-M1uQkMl8rQK/szD0LNhtqxIPLpimGm8sOBwU7lLnCpSbTyY3yeU1Vc7l4KT5zT4s/yOxHH5O7tIuuLOCnLADRw==}

  detect-libc@1.0.3:
    resolution: {integrity: sha512-pGjwhsmsp4kL2RTz08wcOlGN83otlqHeD/Z5T8GXZB+/YcpQ/dgo+lbU8ZsGxV0HIvqqxo9l7mqYwyYMD9bKDg==}
    engines: {node: '>=0.10'}
    hasBin: true

  detect-libc@2.0.3:
    resolution: {integrity: sha512-bwy0MGW55bG41VqxxypOsdSdGqLwXPI/focwgTYCFMbdUiBAxLg9CFzG08sz2aqzknwiX7Hkl0bQENjg8iLByw==}
    engines: {node: '>=8'}

  function-bind@1.1.2:
    resolution: {integrity: sha512-7XHNxH7qX9xG5mIwxkhumTox/MIRNcOgDrxWsMt2pAr23WHp6MrRlN7FBSFpCpr+oVO0F744iUgR82nJMfG2SA==}

  geist@1.3.1:
    resolution: {integrity: sha512-Q4gC1pBVPN+D579pBaz0TRRnGA4p9UK6elDY/xizXdFk/g4EKR5g0I+4p/Kj6gM0SajDBZ/0FvDV9ey9ud7BWw==}
    peerDependencies:
      next: '>=13.2.0'

  graceful-fs@4.2.11:
    resolution: {integrity: sha512-RbJ5/jmFcNNCcDV5o9eTnBLJ/HszWV0P73bc+Ff4nS/rJj+YaS6IGyiOL0VoBYX+l1Wrl3k63h/KrH+nhJ0XvQ==}

  hasown@2.0.2:
    resolution: {integrity: sha512-0hJU9SCPvmMzIBdZFqNPXWa6dqh7WdH0cII9y+CyS8rG3nL48Bclra9HmKhVVUHyPWNH5Y7xDwAB7bfgSjkUMQ==}
    engines: {node: '>= 0.4'}

  is-arrayish@0.3.2:
    resolution: {integrity: sha512-eVRqCvVlZbuw3GrM63ovNSNAeA1K16kaR/LRY/92w0zxQ5/1YzwblUX652i4Xs9RwAGjW9d9y6X88t8OaAJfWQ==}

  is-core-module@2.15.1:
    resolution: {integrity: sha512-z0vtXSwucUJtANQWldhbtbt7BnL0vxiFjIdDLAatwhDYty2bad6s+rijD6Ri4YuYJubLzIJLUidCh09e1djEVQ==}
    engines: {node: '>= 0.4'}

  lightningcss-darwin-arm64@1.26.0:
    resolution: {integrity: sha512-n4TIvHO1NY1ondKFYpL2ZX0bcC2y6yjXMD6JfyizgR8BCFNEeArINDzEaeqlfX9bXz73Bpz/Ow0nu+1qiDrBKg==}
    engines: {node: '>= 12.0.0'}
    cpu: [arm64]
    os: [darwin]

  lightningcss-darwin-x64@1.26.0:
    resolution: {integrity: sha512-Rf9HuHIDi1R6/zgBkJh25SiJHF+dm9axUZW/0UoYCW1/8HV0gMI0blARhH4z+REmWiU1yYT/KyNF3h7tHyRXUg==}
    engines: {node: '>= 12.0.0'}
    cpu: [x64]
    os: [darwin]

  lightningcss-freebsd-x64@1.26.0:
    resolution: {integrity: sha512-C/io7POAxp6sZxFSVGezjajMlCKQ8KSwISLLGRq8xLQpQMokYrUoqYEwmIX8mLmF6C/CZPk0gFmRSzd8biWM0g==}
    engines: {node: '>= 12.0.0'}
    cpu: [x64]
    os: [freebsd]

  lightningcss-linux-arm-gnueabihf@1.26.0:
    resolution: {integrity: sha512-Aag9kqXqkyPSW+dXMgyWk66C984Nay2pY8Nws+67gHlDzV3cWh7TvFlzuaTaVFMVqdDTzN484LSK3u39zFBnzg==}
    engines: {node: '>= 12.0.0'}
    cpu: [arm]
    os: [linux]

  lightningcss-linux-arm64-gnu@1.26.0:
    resolution: {integrity: sha512-iJmZM7fUyVjH+POtdiCtExG+67TtPUTer7K/5A8DIfmPfrmeGvzfRyBltGhQz13Wi15K1lf2cPYoRaRh6vcwNA==}
    engines: {node: '>= 12.0.0'}
    cpu: [arm64]
    os: [linux]

  lightningcss-linux-arm64-musl@1.26.0:
    resolution: {integrity: sha512-XxoEL++tTkyuvu+wq/QS8bwyTXZv2y5XYCMcWL45b8XwkiS8eEEEej9BkMGSRwxa5J4K+LDeIhLrS23CpQyfig==}
    engines: {node: '>= 12.0.0'}
    cpu: [arm64]
    os: [linux]

  lightningcss-linux-x64-gnu@1.26.0:
    resolution: {integrity: sha512-1dkTfZQAYLj8MUSkd6L/+TWTG8V6Kfrzfa0T1fSlXCXQHrt1HC1/UepXHtKHDt/9yFwyoeayivxXAsApVxn6zA==}
    engines: {node: '>= 12.0.0'}
    cpu: [x64]
    os: [linux]

  lightningcss-linux-x64-musl@1.26.0:
    resolution: {integrity: sha512-yX3Rk9m00JGCUzuUhFEojY+jf/6zHs3XU8S8Vk+FRbnr4St7cjyMXdNjuA2LjiT8e7j8xHRCH8hyZ4H/btRE4A==}
    engines: {node: '>= 12.0.0'}
    cpu: [x64]
    os: [linux]

  lightningcss-win32-arm64-msvc@1.26.0:
    resolution: {integrity: sha512-X/597/cFnCogy9VItj/+7Tgu5VLbAtDF7KZDPdSw0MaL6FL940th1y3HiOzFIlziVvAtbo0RB3NAae1Oofr+Tw==}
    engines: {node: '>= 12.0.0'}
    cpu: [arm64]
    os: [win32]

  lightningcss-win32-x64-msvc@1.26.0:
    resolution: {integrity: sha512-pYS3EyGP3JRhfqEFYmfFDiZ9/pVNfy8jVIYtrx9TVNusVyDK3gpW1w/rbvroQ4bDJi7grdUtyrYU6V2xkY/bBw==}
    engines: {node: '>= 12.0.0'}
    cpu: [x64]
    os: [win32]

  lightningcss@1.26.0:
    resolution: {integrity: sha512-a/XZ5hdgifrofQJUArr5AiJjx26SwMam3SJUSMjgebZbESZ96i+6Qsl8tLi0kaUsdMzBWXh9sN1Oe6hp2/dkQw==}
    engines: {node: '>= 12.0.0'}

  nanoid@3.3.7:
    resolution: {integrity: sha512-eSRppjcPIatRIMC1U6UngP8XFcz8MQWGQdt1MTBQ7NaAmvXDfvNxbvWV3x2y6CdEUciCSsDHDQZbhYaB8QEo2g==}
    engines: {node: ^10 || ^12 || ^13.7 || ^14 || >=15.0.1}
    hasBin: true

  next@15.0.0-canary.130:
    resolution: {integrity: sha512-040yF0BkJSbanzujIJ+7NbSjrxBsMSo7EtXfJmGbmt8/NzjS5hO8vaTDClKDhyU90O4WbMqHVZrTiVVfVCZ72g==}
    engines: {node: '>=18.18.0'}
    hasBin: true
    peerDependencies:
      '@opentelemetry/api': ^1.1.0
      '@playwright/test': ^1.41.2
      babel-plugin-react-compiler: '*'
      react: 19.0.0-rc-eb3ad065-20240822
      react-dom: 19.0.0-rc-eb3ad065-20240822
      sass: ^1.3.0
    peerDependenciesMeta:
      '@opentelemetry/api':
        optional: true
      '@playwright/test':
        optional: true
      babel-plugin-react-compiler:
        optional: true
      sass:
        optional: true

  path-parse@1.0.7:
    resolution: {integrity: sha512-LDJzPVEEEPR+y48z93A0Ed0yXb8pAByGWo/k5YYdYgpY2/2EsOsksJrq7lOHxryrVOn1ejG6oAp8ahvOIQD8sw==}

  picocolors@1.0.1:
    resolution: {integrity: sha512-anP1Z8qwhkbmu7MFP5iTt+wQKXgwzf7zTyGlcdzabySa9vd0Xt392U0rVmz9poOaBj0uHJKyyo9/upk0HrEQew==}

  pify@2.3.0:
    resolution: {integrity: sha512-udgsAY+fTnvv7kI7aaxbqwWNb0AHiB0qBO89PZKPkoTmGOgdbrHDKD+0B2X4uTfJ/FT1R09r9gTsjUjNJotuog==}
    engines: {node: '>=0.10.0'}

  postcss-import@16.1.0:
    resolution: {integrity: sha512-7hsAZ4xGXl4MW+OKEWCnF6T5jqBw80/EE9aXg1r2yyn1RsVEU8EtKXbijEODa+rg7iih4bKf7vlvTGYR4CnPNg==}
    engines: {node: '>=18.0.0'}
    peerDependencies:
      postcss: ^8.0.0

  postcss-value-parser@4.2.0:
    resolution: {integrity: sha512-1NNCs6uurfkVbeXG4S8JFT9t19m45ICnif8zWLd5oPSZ50QnwMfK+H3jv408d4jw/7Bttv5axS5IiHoLaVNHeQ==}

  postcss@8.4.31:
    resolution: {integrity: sha512-PS08Iboia9mts/2ygV3eLpY5ghnUcfLV/EXTOW1E2qYxJKGGBUtNjN76FYHnMs36RmARn41bC0AZmn+rR0OVpQ==}
    engines: {node: ^10 || ^12 || >=14}

  postcss@8.4.41:
    resolution: {integrity: sha512-TesUflQ0WKZqAvg52PWL6kHgLKP6xB6heTOdoYM0Wt2UHyxNa4K25EZZMgKns3BH1RLVbZCREPpLY0rhnNoHVQ==}
    engines: {node: ^10 || ^12 || >=14}

  react-dom@19.0.0-rc-1eaccd82-20240816:
    resolution: {integrity: sha512-8HXIHjY9tQUU4Hf5e/QNwVbNLXO+QJkjyCentxKNNc2vn/UjWc5lL782ZTkqII7xBzA/DhC6UdJi83Vr24cDIQ==}
    peerDependencies:
      react: 19.0.0-rc-1eaccd82-20240816

  react@19.0.0-rc-1eaccd82-20240816:
    resolution: {integrity: sha512-jQ/NAywTe/dTHMYcNTR9FvPShpX2e8QrRb2xWBrE/dNqMzbmFynghdMNFlekbBx4PNKdWByVgR7MEakhAfV5rQ==}
    engines: {node: '>=0.10.0'}

  read-cache@1.0.0:
    resolution: {integrity: sha512-Owdv/Ft7IjOgm/i0xvNDZ1LrRANRfew4b2prF3OWMQLxLfu3bS8FVhCsrSCMK4lR56Y9ya+AThoTpDCTxCmpRA==}

  resolve@1.22.8:
    resolution: {integrity: sha512-oKWePCxqpd6FlLvGV1VU0x7bkPmmCNolxzjMf4NczoDnQcIWrAF+cPtZn5i6n+RfD2d9i0tzpKnG6Yk168yIyw==}
    hasBin: true

  scheduler@0.25.0-rc-1eaccd82-20240816:
    resolution: {integrity: sha512-R2SIZf9OVNrl+X31RejZK+25c9dFBS5GqCLOkID1MCMI2WQbaLsrbQKcO6Dz6+7+NEUx8rXT6FjmjuXplTWamg==}

  semver@7.6.3:
    resolution: {integrity: sha512-oVekP1cKtI+CTDvHWYFUcMtsK/00wmAEfyqKfNdARm8u1wNVhSgaX7A8d4UuIlUI5e84iEwOhs7ZPYRmzU9U6A==}
    engines: {node: '>=10'}
    hasBin: true

  server-only@0.0.1:
    resolution: {integrity: sha512-qepMx2JxAa5jjfzxG79yPPq+8BuFToHd1hm7kI+Z4zAq1ftQiP7HcxMhDDItrbtwVeLg/cY2JnKnrcFkmiswNA==}

  sharp@0.33.5:
    resolution: {integrity: sha512-haPVm1EkS9pgvHrQ/F3Xy+hgcuMV0Wm9vfIBSiwZ05k+xgb0PkBQpGsAA/oWdDobNaZTH5ppvHtzCFbnSEwHVw==}
    engines: {node: ^18.17.0 || ^20.3.0 || >=21.0.0}

  simple-swizzle@0.2.2:
    resolution: {integrity: sha512-JA//kQgZtbuY83m+xT+tXJkmJncGMTFT+C+g2h2R9uxkYIrE2yy9sgmcLhCnw57/WSD+Eh3J97FPEDFnbXnDUg==}

  source-map-js@1.2.0:
    resolution: {integrity: sha512-itJW8lvSA0TXEphiRoawsCksnlf8SyvmFzIhltqAHluXd88pkCd+cXJVHTDwdCr0IzwptSm035IHQktUu1QUMg==}
    engines: {node: '>=0.10.0'}

  streamsearch@1.1.0:
    resolution: {integrity: sha512-Mcc5wHehp9aXz1ax6bZUyY5afg9u2rv5cqQI3mRrYkGC8rW2hM02jWuwjtL++LS5qinSyhj2QfLyNsuc+VsExg==}
    engines: {node: '>=10.0.0'}

  styled-jsx@5.1.6:
    resolution: {integrity: sha512-qSVyDTeMotdvQYoHWLNGwRFJHC+i+ZvdBRYosOFgC+Wg1vx4frN2/RG/NA7SYqqvKNLf39P2LSRA2pu6n0XYZA==}
    engines: {node: '>= 12.0.0'}
    peerDependencies:
      '@babel/core': '*'
      babel-plugin-macros: '*'
      react: '>= 16.8.0 || 17.x.x || ^18.0.0-0 || ^19.0.0-0'
    peerDependenciesMeta:
      '@babel/core':
        optional: true
      babel-plugin-macros:
        optional: true

  supports-preserve-symlinks-flag@1.0.0:
    resolution: {integrity: sha512-ot0WnXS9fgdkgIcePe6RHNk1WA8+muPa6cSjeR3V8K27q9BB1rTE3R1p7Hv0z1ZyAc8s6Vvv8DIyWf681MAt0w==}
    engines: {node: '>= 0.4'}

  tailwindcss@4.0.0-alpha.20:
    resolution: {integrity: sha512-ULNYqtGezc5R2mPLv/UpJBxBDllVrGHbMdO/y+irV/nZO+OnrI+qXX+lYWEsBn2tk1p5bmAOuI8wMXZDNap0Pw==}

  tslib@2.7.0:
    resolution: {integrity: sha512-gLXCKdN1/j47AiHiOkJN69hJmcbGTHI0ImLmbYLHykhgeN0jVGola9yVjFgzCUklsZQMW55o+dW7IXv3RCXDzA==}

  typescript@5.5.4:
    resolution: {integrity: sha512-Mtq29sKDAEYP7aljRgtPOpTvOfbwRWlS6dPRzwjdE+C0R4brX/GUyhHSecbHMFLNBLcJIPt9nl9yG5TZ1weH+Q==}
    engines: {node: '>=14.17'}
    hasBin: true

  undici-types@6.19.8:
    resolution: {integrity: sha512-ve2KP6f/JnbPBFyobGHuerC9g1FYGn/F8n1LWTwNxCEzd6IfqTwUQcNXgEtmmQ6DlRrC1hrSrBnCZPokRrDHjw==}

  yet-another-react-lightbox@3.21.4:
    resolution: {integrity: sha512-xlYs+F8it8DhCRXcgwXFh58HOuGpNFWmBqaUoo1gkZvHpCaiGAEkAUfAIRz9+sWEcZLSK45zB65+n3gDjjuz1Q==}
    engines: {node: '>=14'}
    peerDependencies:
      react: '>=16.8.0'
      react-dom: '>=16.8.0'

snapshots:

  '@emnapi/runtime@1.2.0':
    dependencies:
      tslib: 2.7.0
    optional: true

  '@img/sharp-darwin-arm64@0.33.5':
    optionalDependencies:
      '@img/sharp-libvips-darwin-arm64': 1.0.4
    optional: true

  '@img/sharp-darwin-x64@0.33.5':
    optionalDependencies:
      '@img/sharp-libvips-darwin-x64': 1.0.4
    optional: true

  '@img/sharp-libvips-darwin-arm64@1.0.4':
    optional: true

  '@img/sharp-libvips-darwin-x64@1.0.4':
    optional: true

  '@img/sharp-libvips-linux-arm64@1.0.4':
    optional: true

  '@img/sharp-libvips-linux-arm@1.0.5':
    optional: true

  '@img/sharp-libvips-linux-s390x@1.0.4':
    optional: true

  '@img/sharp-libvips-linux-x64@1.0.4':
    optional: true

  '@img/sharp-libvips-linuxmusl-arm64@1.0.4':
    optional: true

  '@img/sharp-libvips-linuxmusl-x64@1.0.4':
    optional: true

  '@img/sharp-linux-arm64@0.33.5':
    optionalDependencies:
      '@img/sharp-libvips-linux-arm64': 1.0.4
    optional: true

  '@img/sharp-linux-arm@0.33.5':
    optionalDependencies:
      '@img/sharp-libvips-linux-arm': 1.0.5
    optional: true

  '@img/sharp-linux-s390x@0.33.5':
    optionalDependencies:
      '@img/sharp-libvips-linux-s390x': 1.0.4
    optional: true

  '@img/sharp-linux-x64@0.33.5':
    optionalDependencies:
      '@img/sharp-libvips-linux-x64': 1.0.4
    optional: true

  '@img/sharp-linuxmusl-arm64@0.33.5':
    optionalDependencies:
      '@img/sharp-libvips-linuxmusl-arm64': 1.0.4
    optional: true

  '@img/sharp-linuxmusl-x64@0.33.5':
    optionalDependencies:
      '@img/sharp-libvips-linuxmusl-x64': 1.0.4
    optional: true

  '@img/sharp-wasm32@0.33.5':
    dependencies:
      '@emnapi/runtime': 1.2.0
    optional: true

  '@img/sharp-win32-ia32@0.33.5':
    optional: true

  '@img/sharp-win32-x64@0.33.5':
    optional: true

  '@next/env@15.0.0-canary.130': {}

  '@next/swc-darwin-arm64@15.0.0-canary.130':
    optional: true

  '@next/swc-darwin-x64@15.0.0-canary.130':
    optional: true

  '@next/swc-linux-arm64-gnu@15.0.0-canary.130':
    optional: true

  '@next/swc-linux-arm64-musl@15.0.0-canary.130':
    optional: true

  '@next/swc-linux-x64-gnu@15.0.0-canary.130':
    optional: true

  '@next/swc-linux-x64-musl@15.0.0-canary.130':
    optional: true

  '@next/swc-win32-arm64-msvc@15.0.0-canary.130':
    optional: true

  '@next/swc-win32-ia32-msvc@15.0.0-canary.130':
    optional: true

  '@next/swc-win32-x64-msvc@15.0.0-canary.130':
    optional: true

  '@swc/counter@0.1.3': {}

  '@swc/helpers@0.5.12':
    dependencies:
      tslib: 2.7.0

  '@tailwindcss/oxide-android-arm64@4.0.0-alpha.20':
    optional: true

  '@tailwindcss/oxide-darwin-arm64@4.0.0-alpha.20':
    optional: true

  '@tailwindcss/oxide-darwin-x64@4.0.0-alpha.20':
    optional: true

  '@tailwindcss/oxide-freebsd-x64@4.0.0-alpha.20':
    optional: true

  '@tailwindcss/oxide-linux-arm-gnueabihf@4.0.0-alpha.20':
    optional: true

  '@tailwindcss/oxide-linux-arm64-gnu@4.0.0-alpha.20':
    optional: true

  '@tailwindcss/oxide-linux-arm64-musl@4.0.0-alpha.20':
    optional: true

  '@tailwindcss/oxide-linux-x64-gnu@4.0.0-alpha.20':
    optional: true

  '@tailwindcss/oxide-linux-x64-musl@4.0.0-alpha.20':
    optional: true

  '@tailwindcss/oxide-win32-x64-msvc@4.0.0-alpha.20':
    optional: true

  '@tailwindcss/oxide@4.0.0-alpha.20':
    optionalDependencies:
      '@tailwindcss/oxide-android-arm64': 4.0.0-alpha.20
      '@tailwindcss/oxide-darwin-arm64': 4.0.0-alpha.20
      '@tailwindcss/oxide-darwin-x64': 4.0.0-alpha.20
      '@tailwindcss/oxide-freebsd-x64': 4.0.0-alpha.20
      '@tailwindcss/oxide-linux-arm-gnueabihf': 4.0.0-alpha.20
      '@tailwindcss/oxide-linux-arm64-gnu': 4.0.0-alpha.20
      '@tailwindcss/oxide-linux-arm64-musl': 4.0.0-alpha.20
      '@tailwindcss/oxide-linux-x64-gnu': 4.0.0-alpha.20
      '@tailwindcss/oxide-linux-x64-musl': 4.0.0-alpha.20
      '@tailwindcss/oxide-win32-x64-msvc': 4.0.0-alpha.20

  '@tailwindcss/postcss@4.0.0-alpha.20(postcss@8.4.41)':
    dependencies:
      '@tailwindcss/oxide': 4.0.0-alpha.20
      lightningcss: 1.26.0
      postcss-import: 16.1.0(postcss@8.4.41)
      tailwindcss: 4.0.0-alpha.20
    transitivePeerDependencies:
      - postcss

  '@types/node@22.5.0':
    dependencies:
      undici-types: 6.19.8

  '@types/prop-types@15.7.12': {}

  '@types/react-dom@18.3.0':
    dependencies:
      '@types/react': 18.3.4

  '@types/react@18.3.4':
    dependencies:
      '@types/prop-types': 15.7.12
      csstype: 3.1.3

  '@vercel/analytics@1.3.1(next@15.0.0-canary.130(react-dom@19.0.0-rc-1eaccd82-20240816(react@19.0.0-rc-1eaccd82-20240816))(react@19.0.0-rc-1eaccd82-20240816))(react@19.0.0-rc-1eaccd82-20240816)':
    dependencies:
      server-only: 0.0.1
    optionalDependencies:
      next: 15.0.0-canary.130(react-dom@19.0.0-rc-1eaccd82-20240816(react@19.0.0-rc-1eaccd82-20240816))(react@19.0.0-rc-1eaccd82-20240816)
      react: 19.0.0-rc-1eaccd82-20240816

  '@vercel/speed-insights@1.0.12(next@15.0.0-canary.130(react-dom@19.0.0-rc-1eaccd82-20240816(react@19.0.0-rc-1eaccd82-20240816))(react@19.0.0-rc-1eaccd82-20240816))(react@19.0.0-rc-1eaccd82-20240816)':
    optionalDependencies:
      next: 15.0.0-canary.130(react-dom@19.0.0-rc-1eaccd82-20240816(react@19.0.0-rc-1eaccd82-20240816))(react@19.0.0-rc-1eaccd82-20240816)
      react: 19.0.0-rc-1eaccd82-20240816

  busboy@1.6.0:
    dependencies:
      streamsearch: 1.1.0

  caniuse-lite@1.0.30001653: {}

  client-only@0.0.1: {}

  color-convert@2.0.1:
    dependencies:
      color-name: 1.1.4

  color-name@1.1.4: {}

  color-string@1.9.1:
    dependencies:
      color-name: 1.1.4
      simple-swizzle: 0.2.2

  color@4.2.3:
    dependencies:
      color-convert: 2.0.1
      color-string: 1.9.1

  csstype@3.1.3: {}

  detect-libc@1.0.3: {}

  detect-libc@2.0.3: {}

  function-bind@1.1.2: {}

  geist@1.3.1(next@15.0.0-canary.130(react-dom@19.0.0-rc-1eaccd82-20240816(react@19.0.0-rc-1eaccd82-20240816))(react@19.0.0-rc-1eaccd82-20240816)):
    dependencies:
      next: 15.0.0-canary.130(react-dom@19.0.0-rc-1eaccd82-20240816(react@19.0.0-rc-1eaccd82-20240816))(react@19.0.0-rc-1eaccd82-20240816)

  graceful-fs@4.2.11: {}

  hasown@2.0.2:
    dependencies:
      function-bind: 1.1.2

  is-arrayish@0.3.2: {}

  is-core-module@2.15.1:
    dependencies:
      hasown: 2.0.2

  lightningcss-darwin-arm64@1.26.0:
    optional: true

  lightningcss-darwin-x64@1.26.0:
    optional: true

  lightningcss-freebsd-x64@1.26.0:
    optional: true

  lightningcss-linux-arm-gnueabihf@1.26.0:
    optional: true

  lightningcss-linux-arm64-gnu@1.26.0:
    optional: true

  lightningcss-linux-arm64-musl@1.26.0:
    optional: true

  lightningcss-linux-x64-gnu@1.26.0:
    optional: true

  lightningcss-linux-x64-musl@1.26.0:
    optional: true

  lightningcss-win32-arm64-msvc@1.26.0:
    optional: true

  lightningcss-win32-x64-msvc@1.26.0:
    optional: true

  lightningcss@1.26.0:
    dependencies:
      detect-libc: 1.0.3
    optionalDependencies:
      lightningcss-darwin-arm64: 1.26.0
      lightningcss-darwin-x64: 1.26.0
      lightningcss-freebsd-x64: 1.26.0
      lightningcss-linux-arm-gnueabihf: 1.26.0
      lightningcss-linux-arm64-gnu: 1.26.0
      lightningcss-linux-arm64-musl: 1.26.0
      lightningcss-linux-x64-gnu: 1.26.0
      lightningcss-linux-x64-musl: 1.26.0
      lightningcss-win32-arm64-msvc: 1.26.0
      lightningcss-win32-x64-msvc: 1.26.0

  nanoid@3.3.7: {}

  next@15.0.0-canary.130(react-dom@19.0.0-rc-1eaccd82-20240816(react@19.0.0-rc-1eaccd82-20240816))(react@19.0.0-rc-1eaccd82-20240816):
    dependencies:
      '@next/env': 15.0.0-canary.130
      '@swc/counter': 0.1.3
      '@swc/helpers': 0.5.12
      busboy: 1.6.0
      caniuse-lite: 1.0.30001653
      graceful-fs: 4.2.11
      postcss: 8.4.31
      react: 19.0.0-rc-1eaccd82-20240816
      react-dom: 19.0.0-rc-1eaccd82-20240816(react@19.0.0-rc-1eaccd82-20240816)
      styled-jsx: 5.1.6(react@19.0.0-rc-1eaccd82-20240816)
    optionalDependencies:
      '@next/swc-darwin-arm64': 15.0.0-canary.130
      '@next/swc-darwin-x64': 15.0.0-canary.130
      '@next/swc-linux-arm64-gnu': 15.0.0-canary.130
      '@next/swc-linux-arm64-musl': 15.0.0-canary.130
      '@next/swc-linux-x64-gnu': 15.0.0-canary.130
      '@next/swc-linux-x64-musl': 15.0.0-canary.130
      '@next/swc-win32-arm64-msvc': 15.0.0-canary.130
      '@next/swc-win32-ia32-msvc': 15.0.0-canary.130
      '@next/swc-win32-x64-msvc': 15.0.0-canary.130
      sharp: 0.33.5
    transitivePeerDependencies:
      - '@babel/core'
      - babel-plugin-macros

  path-parse@1.0.7: {}

  picocolors@1.0.1: {}

  pify@2.3.0: {}

  postcss-import@16.1.0(postcss@8.4.41):
    dependencies:
      postcss: 8.4.41
      postcss-value-parser: 4.2.0
      read-cache: 1.0.0
      resolve: 1.22.8

  postcss-value-parser@4.2.0: {}

  postcss@8.4.31:
    dependencies:
      nanoid: 3.3.7
      picocolors: 1.0.1
      source-map-js: 1.2.0

  postcss@8.4.41:
    dependencies:
      nanoid: 3.3.7
      picocolors: 1.0.1
      source-map-js: 1.2.0

  react-dom@19.0.0-rc-1eaccd82-20240816(react@19.0.0-rc-1eaccd82-20240816):
    dependencies:
      react: 19.0.0-rc-1eaccd82-20240816
      scheduler: 0.25.0-rc-1eaccd82-20240816

  react@19.0.0-rc-1eaccd82-20240816: {}

  read-cache@1.0.0:
    dependencies:
      pify: 2.3.0

  resolve@1.22.8:
    dependencies:
      is-core-module: 2.15.1
      path-parse: 1.0.7
      supports-preserve-symlinks-flag: 1.0.0

  scheduler@0.25.0-rc-1eaccd82-20240816: {}

  semver@7.6.3: {}

  server-only@0.0.1: {}

  sharp@0.33.5:
    dependencies:
      color: 4.2.3
      detect-libc: 2.0.3
      semver: 7.6.3
    optionalDependencies:
      '@img/sharp-darwin-arm64': 0.33.5
      '@img/sharp-darwin-x64': 0.33.5
      '@img/sharp-libvips-darwin-arm64': 1.0.4
      '@img/sharp-libvips-darwin-x64': 1.0.4
      '@img/sharp-libvips-linux-arm': 1.0.5
      '@img/sharp-libvips-linux-arm64': 1.0.4
      '@img/sharp-libvips-linux-s390x': 1.0.4
      '@img/sharp-libvips-linux-x64': 1.0.4
      '@img/sharp-libvips-linuxmusl-arm64': 1.0.4
      '@img/sharp-libvips-linuxmusl-x64': 1.0.4
      '@img/sharp-linux-arm': 0.33.5
      '@img/sharp-linux-arm64': 0.33.5
      '@img/sharp-linux-s390x': 0.33.5
      '@img/sharp-linux-x64': 0.33.5
      '@img/sharp-linuxmusl-arm64': 0.33.5
      '@img/sharp-linuxmusl-x64': 0.33.5
      '@img/sharp-wasm32': 0.33.5
      '@img/sharp-win32-ia32': 0.33.5
      '@img/sharp-win32-x64': 0.33.5

  simple-swizzle@0.2.2:
    dependencies:
      is-arrayish: 0.3.2

  source-map-js@1.2.0: {}

  streamsearch@1.1.0: {}

  styled-jsx@5.1.6(react@19.0.0-rc-1eaccd82-20240816):
    dependencies:
      client-only: 0.0.1
      react: 19.0.0-rc-1eaccd82-20240816

  supports-preserve-symlinks-flag@1.0.0: {}

  tailwindcss@4.0.0-alpha.20: {}

  tslib@2.7.0: {}

  typescript@5.5.4: {}

  undici-types@6.19.8: {}

  yet-another-react-lightbox@3.21.4(react-dom@19.0.0-rc-1eaccd82-20240816(react@19.0.0-rc-1eaccd82-20240816))(react@19.0.0-rc-1eaccd82-20240816):
    dependencies:
      react: 19.0.0-rc-1eaccd82-20240816
      react-dom: 19.0.0-rc-1eaccd82-20240816(react@19.0.0-rc-1eaccd82-20240816)
