lockfileVersion: '9.0'

settings:
  autoInstallPeers: true
  excludeLinksFromLockfile: false

importers:

  .:
    dependencies:
      '@tailwindcss/postcss':
        specifier: 4.0.0-alpha.17
        version: 4.0.0-alpha.17(postcss@8.4.39)
      '@types/node':
        specifier: ts5.5
        version: 20.14.11
      '@types/react':
        specifier: ts5.5
        version: 18.3.3
      '@types/react-dom':
        specifier: 18.3.0
        version: 18.3.0
      '@vercel/analytics':
        specifier: 1.3.1
        version: 1.3.1(next@15.0.0-canary.32(react-dom@19.0.0-rc.0(react@19.0.0-rc.0))(react@19.0.0-rc.0))(react@19.0.0-rc.0)
      '@vercel/speed-insights':
        specifier: 1.0.12
        version: 1.0.12(next@15.0.0-canary.32(react-dom@19.0.0-rc.0(react@19.0.0-rc.0))(react@19.0.0-rc.0))(react@19.0.0-rc.0)
      geist:
        specifier: 1.3.1
        version: 1.3.1(next@15.0.0-canary.32(react-dom@19.0.0-rc.0(react@19.0.0-rc.0))(react@19.0.0-rc.0))
      next:
        specifier: 15.0.0-canary.32
        version: 15.0.0-canary.32(react-dom@19.0.0-rc.0(react@19.0.0-rc.0))(react@19.0.0-rc.0)
      postcss:
        specifier: 8.4.39
        version: 8.4.39
      react:
        specifier: 19.0.0-rc.0
        version: 19.0.0-rc.0
      react-dom:
        specifier: 19.0.0-rc.0
        version: 19.0.0-rc.0(react@19.0.0-rc.0)
      tailwindcss:
        specifier: 4.0.0-alpha.17
        version: 4.0.0-alpha.17
      typescript:
        specifier: 5.5.3
        version: 5.5.3
      yet-another-react-lightbox:
        specifier: 3.21.1
        version: 3.21.1(react-dom@19.0.0-rc.0(react@19.0.0-rc.0))(react@19.0.0-rc.0)
    devDependencies:
      sharp:
        specifier: ^0.33.4
        version: 0.33.4

packages:

  '@emnapi/runtime@1.2.0':
    resolution: {integrity: sha512-bV21/9LQmcQeCPEg3BDFtvwL6cwiTMksYNWQQ4KOxCZikEGalWtenoZ0wCiukJINlGCIi2KXx01g4FoH/LxpzQ==}

  '@img/sharp-darwin-arm64@0.33.4':
    resolution: {integrity: sha512-p0suNqXufJs9t3RqLBO6vvrgr5OhgbWp76s5gTRvdmxmuv9E1rcaqGUsl3l4mKVmXPkTkTErXediAui4x+8PSA==}
    engines: {glibc: '>=2.26', node: ^18.17.0 || ^20.3.0 || >=21.0.0, npm: '>=9.6.5', pnpm: '>=7.1.0', yarn: '>=3.2.0'}
    cpu: [arm64]
    os: [darwin]

  '@img/sharp-darwin-x64@0.33.4':
    resolution: {integrity: sha512-0l7yRObwtTi82Z6ebVI2PnHT8EB2NxBgpK2MiKJZJ7cz32R4lxd001ecMhzzsZig3Yv9oclvqqdV93jo9hy+Dw==}
    engines: {glibc: '>=2.26', node: ^18.17.0 || ^20.3.0 || >=21.0.0, npm: '>=9.6.5', pnpm: '>=7.1.0', yarn: '>=3.2.0'}
    cpu: [x64]
    os: [darwin]

  '@img/sharp-libvips-darwin-arm64@1.0.2':
    resolution: {integrity: sha512-tcK/41Rq8IKlSaKRCCAuuY3lDJjQnYIW1UXU1kxcEKrfL8WR7N6+rzNoOxoQRJWTAECuKwgAHnPvqXGN8XfkHA==}
    engines: {macos: '>=11', npm: '>=9.6.5', pnpm: '>=7.1.0', yarn: '>=3.2.0'}
    cpu: [arm64]
    os: [darwin]

  '@img/sharp-libvips-darwin-x64@1.0.2':
    resolution: {integrity: sha512-Ofw+7oaWa0HiiMiKWqqaZbaYV3/UGL2wAPeLuJTx+9cXpCRdvQhCLG0IH8YGwM0yGWGLpsF4Su9vM1o6aer+Fw==}
    engines: {macos: '>=10.13', npm: '>=9.6.5', pnpm: '>=7.1.0', yarn: '>=3.2.0'}
    cpu: [x64]
    os: [darwin]

  '@img/sharp-libvips-linux-arm64@1.0.2':
    resolution: {integrity: sha512-x7kCt3N00ofFmmkkdshwj3vGPCnmiDh7Gwnd4nUwZln2YjqPxV1NlTyZOvoDWdKQVDL911487HOueBvrpflagw==}
    engines: {glibc: '>=2.26', npm: '>=9.6.5', pnpm: '>=7.1.0', yarn: '>=3.2.0'}
    cpu: [arm64]
    os: [linux]

  '@img/sharp-libvips-linux-arm@1.0.2':
    resolution: {integrity: sha512-iLWCvrKgeFoglQxdEwzu1eQV04o8YeYGFXtfWU26Zr2wWT3q3MTzC+QTCO3ZQfWd3doKHT4Pm2kRmLbupT+sZw==}
    engines: {glibc: '>=2.28', npm: '>=9.6.5', pnpm: '>=7.1.0', yarn: '>=3.2.0'}
    cpu: [arm]
    os: [linux]

  '@img/sharp-libvips-linux-s390x@1.0.2':
    resolution: {integrity: sha512-cmhQ1J4qVhfmS6szYW7RT+gLJq9dH2i4maq+qyXayUSn9/3iY2ZeWpbAgSpSVbV2E1JUL2Gg7pwnYQ1h8rQIog==}
    engines: {glibc: '>=2.28', npm: '>=9.6.5', pnpm: '>=7.1.0', yarn: '>=3.2.0'}
    cpu: [s390x]
    os: [linux]

  '@img/sharp-libvips-linux-x64@1.0.2':
    resolution: {integrity: sha512-E441q4Qdb+7yuyiADVi5J+44x8ctlrqn8XgkDTwr4qPJzWkaHwD489iZ4nGDgcuya4iMN3ULV6NwbhRZJ9Z7SQ==}
    engines: {glibc: '>=2.26', npm: '>=9.6.5', pnpm: '>=7.1.0', yarn: '>=3.2.0'}
    cpu: [x64]
    os: [linux]

  '@img/sharp-libvips-linuxmusl-arm64@1.0.2':
    resolution: {integrity: sha512-3CAkndNpYUrlDqkCM5qhksfE+qSIREVpyoeHIU6jd48SJZViAmznoQQLAv4hVXF7xyUB9zf+G++e2v1ABjCbEQ==}
    engines: {musl: '>=1.2.2', npm: '>=9.6.5', pnpm: '>=7.1.0', yarn: '>=3.2.0'}
    cpu: [arm64]
    os: [linux]

  '@img/sharp-libvips-linuxmusl-x64@1.0.2':
    resolution: {integrity: sha512-VI94Q6khIHqHWNOh6LLdm9s2Ry4zdjWJwH56WoiJU7NTeDwyApdZZ8c+SADC8OH98KWNQXnE01UdJ9CSfZvwZw==}
    engines: {musl: '>=1.2.2', npm: '>=9.6.5', pnpm: '>=7.1.0', yarn: '>=3.2.0'}
    cpu: [x64]
    os: [linux]

  '@img/sharp-linux-arm64@0.33.4':
    resolution: {integrity: sha512-2800clwVg1ZQtxwSoTlHvtm9ObgAax7V6MTAB/hDT945Tfyy3hVkmiHpeLPCKYqYR1Gcmv1uDZ3a4OFwkdBL7Q==}
    engines: {glibc: '>=2.26', node: ^18.17.0 || ^20.3.0 || >=21.0.0, npm: '>=9.6.5', pnpm: '>=7.1.0', yarn: '>=3.2.0'}
    cpu: [arm64]
    os: [linux]

  '@img/sharp-linux-arm@0.33.4':
    resolution: {integrity: sha512-RUgBD1c0+gCYZGCCe6mMdTiOFS0Zc/XrN0fYd6hISIKcDUbAW5NtSQW9g/powkrXYm6Vzwd6y+fqmExDuCdHNQ==}
    engines: {glibc: '>=2.28', node: ^18.17.0 || ^20.3.0 || >=21.0.0, npm: '>=9.6.5', pnpm: '>=7.1.0', yarn: '>=3.2.0'}
    cpu: [arm]
    os: [linux]

  '@img/sharp-linux-s390x@0.33.4':
    resolution: {integrity: sha512-h3RAL3siQoyzSoH36tUeS0PDmb5wINKGYzcLB5C6DIiAn2F3udeFAum+gj8IbA/82+8RGCTn7XW8WTFnqag4tQ==}
    engines: {glibc: '>=2.31', node: ^18.17.0 || ^20.3.0 || >=21.0.0, npm: '>=9.6.5', pnpm: '>=7.1.0', yarn: '>=3.2.0'}
    cpu: [s390x]
    os: [linux]

  '@img/sharp-linux-x64@0.33.4':
    resolution: {integrity: sha512-GoR++s0XW9DGVi8SUGQ/U4AeIzLdNjHka6jidVwapQ/JebGVQIpi52OdyxCNVRE++n1FCLzjDovJNozif7w/Aw==}
    engines: {glibc: '>=2.26', node: ^18.17.0 || ^20.3.0 || >=21.0.0, npm: '>=9.6.5', pnpm: '>=7.1.0', yarn: '>=3.2.0'}
    cpu: [x64]
    os: [linux]

  '@img/sharp-linuxmusl-arm64@0.33.4':
    resolution: {integrity: sha512-nhr1yC3BlVrKDTl6cO12gTpXMl4ITBUZieehFvMntlCXFzH2bvKG76tBL2Y/OqhupZt81pR7R+Q5YhJxW0rGgQ==}
    engines: {musl: '>=1.2.2', node: ^18.17.0 || ^20.3.0 || >=21.0.0, npm: '>=9.6.5', pnpm: '>=7.1.0', yarn: '>=3.2.0'}
    cpu: [arm64]
    os: [linux]

  '@img/sharp-linuxmusl-x64@0.33.4':
    resolution: {integrity: sha512-uCPTku0zwqDmZEOi4ILyGdmW76tH7dm8kKlOIV1XC5cLyJ71ENAAqarOHQh0RLfpIpbV5KOpXzdU6XkJtS0daw==}
    engines: {musl: '>=1.2.2', node: ^18.17.0 || ^20.3.0 || >=21.0.0, npm: '>=9.6.5', pnpm: '>=7.1.0', yarn: '>=3.2.0'}
    cpu: [x64]
    os: [linux]

  '@img/sharp-wasm32@0.33.4':
    resolution: {integrity: sha512-Bmmauh4sXUsUqkleQahpdNXKvo+wa1V9KhT2pDA4VJGKwnKMJXiSTGphn0gnJrlooda0QxCtXc6RX1XAU6hMnQ==}
    engines: {node: ^18.17.0 || ^20.3.0 || >=21.0.0, npm: '>=9.6.5', pnpm: '>=7.1.0', yarn: '>=3.2.0'}
    cpu: [wasm32]

  '@img/sharp-win32-ia32@0.33.4':
    resolution: {integrity: sha512-99SJ91XzUhYHbx7uhK3+9Lf7+LjwMGQZMDlO/E/YVJ7Nc3lyDFZPGhjwiYdctoH2BOzW9+TnfqcaMKt0jHLdqw==}
    engines: {node: ^18.17.0 || ^20.3.0 || >=21.0.0, npm: '>=9.6.5', pnpm: '>=7.1.0', yarn: '>=3.2.0'}
    cpu: [ia32]
    os: [win32]

  '@img/sharp-win32-x64@0.33.4':
    resolution: {integrity: sha512-3QLocdTRVIrFNye5YocZl+KKpYKP+fksi1QhmOArgx7GyhIbQp/WrJRu176jm8IxromS7RIkzMiMINVdBtC8Aw==}
    engines: {node: ^18.17.0 || ^20.3.0 || >=21.0.0, npm: '>=9.6.5', pnpm: '>=7.1.0', yarn: '>=3.2.0'}
    cpu: [x64]
    os: [win32]

  '@next/env@15.0.0-canary.32':
    resolution: {integrity: sha512-zgQrNCjbOmi23LuTzFQwETrhWSJB1/AgbB4QuN+o/YNznEJOA5vdPABKFMlca3QHPfCS/NVtffsTLW2A5DorRA==}

  '@next/swc-darwin-arm64@15.0.0-canary.32':
    resolution: {integrity: sha512-5lXKia3pkRYX/RvyteY3aEUnu2e/EyJaJou+8XdA0tDz+IHQL8ulBfN0qkPu3g0+KFomakMfji7zw4AHmz1m0A==}
    engines: {node: '>= 10'}
    cpu: [arm64]
    os: [darwin]

  '@next/swc-darwin-x64@15.0.0-canary.32':
    resolution: {integrity: sha512-sik3WkfkoQSF784LCR4esB6VpJP+eEJ7xOUudx3t3sy9cIBqfL0G1TewKfpjnAYn0+AAkcvhXBE+WErs7+DmOg==}
    engines: {node: '>= 10'}
    cpu: [x64]
    os: [darwin]

  '@next/swc-linux-arm64-gnu@15.0.0-canary.32':
    resolution: {integrity: sha512-tRLSgOrAoypPonLNm8lPYPfoH/suuOoG9nwSTPh1AwohVYzHKTg+6CTL5MRI7aA3cfV8GWBGAx5160D1E/sqqw==}
    engines: {node: '>= 10'}
    cpu: [arm64]
    os: [linux]

  '@next/swc-linux-arm64-musl@15.0.0-canary.32':
    resolution: {integrity: sha512-87PMy9JL1I7Dtm+/YibynaPC3a0JxkE2f1I0dAabEMo3c/rU0lIy/o0veqpHjhFF9YBSMNmmMGE4wcIkFIFCnQ==}
    engines: {node: '>= 10'}
    cpu: [arm64]
    os: [linux]

  '@next/swc-linux-x64-gnu@15.0.0-canary.32':
    resolution: {integrity: sha512-w3bUeEVj8CnYrRxtBZ/qTYtPxBw2tXxA8kZdDBE5SOoosDSK+uHVQdrMGebFV1EiaE6kWEKAWlo41v/tPwdJXw==}
    engines: {node: '>= 10'}
    cpu: [x64]
    os: [linux]

  '@next/swc-linux-x64-musl@15.0.0-canary.32':
    resolution: {integrity: sha512-IGZUJH473VY7XUWQwxmnZXe9aodOnyEfKKcl0vIvRZBEwVniu4aOR2OHdSCcR0JWwaOrV9Nb0z7HNo03k4/QMQ==}
    engines: {node: '>= 10'}
    cpu: [x64]
    os: [linux]

  '@next/swc-win32-arm64-msvc@15.0.0-canary.32':
    resolution: {integrity: sha512-gs1pShfrtf5QfC2CxkJcc3h9PGnwlxMa71p5TTW8/Pf2rqIXtWN3f6+gj/ib3noqMUMtqp5nlYLRI1aOfJq09Q==}
    engines: {node: '>= 10'}
    cpu: [arm64]
    os: [win32]

  '@next/swc-win32-ia32-msvc@15.0.0-canary.32':
    resolution: {integrity: sha512-eeytrKKp3nBAh8X2p77KA3Dqk80sko+63CtE/YMUK/0u30gyfQD2FhmbB8cgTLa7QxtzsVVQUKRvkFk32kchPA==}
    engines: {node: '>= 10'}
    cpu: [ia32]
    os: [win32]

  '@next/swc-win32-x64-msvc@15.0.0-canary.32':
    resolution: {integrity: sha512-01Scp895/sEb7F6ToOQz7MdIbEWsrfJUP4Eb28XkkDXe5rQUPzB9jZRhyhvEG8ltt0sRCmFuwSeiXmHLBS2Bbg==}
    engines: {node: '>= 10'}
    cpu: [x64]
    os: [win32]

  '@swc/helpers@0.5.11':
    resolution: {integrity: sha512-YNlnKRWF2sVojTpIyzwou9XoTNbzbzONwRhOoniEioF1AtaitTvVZblaQRrAzChWQ1bLYyYSWzM18y4WwgzJ+A==}

  '@tailwindcss/oxide-android-arm64@4.0.0-alpha.17':
    resolution: {integrity: sha512-IBOd4/iQW8tq8YJJgoEECy+wVPnJcAx/kwS45uKTbq5GVK9l8siBEnTiJ7VPnuoo2vQfLlJjshA7ar8nMX589w==}
    engines: {node: '>= 10'}
    cpu: [arm64]
    os: [android]

  '@tailwindcss/oxide-darwin-arm64@4.0.0-alpha.17':
    resolution: {integrity: sha512-JiV0oe6QmeL/6dDQkk12H+sa/BmH4p7KbaW2/PPOTfFVZjIbM9Qj3drsFwWRuwPTI9mSpJQFxWtdbMYarLVK1w==}
    engines: {node: '>= 10'}
    cpu: [arm64]
    os: [darwin]

  '@tailwindcss/oxide-darwin-x64@4.0.0-alpha.17':
    resolution: {integrity: sha512-39zvOSxFfiVcQQp1/4dD5kMH6bwKagRO2PLLmlH6EAM7LuIyVsKJwFK5Z+ZYTLoG3hUGUxvCPOjgbqMYvRLJ3w==}
    engines: {node: '>= 10'}
    cpu: [x64]
    os: [darwin]

  '@tailwindcss/oxide-freebsd-x64@4.0.0-alpha.17':
    resolution: {integrity: sha512-KplmR3Md+B5W0ocH4N3ArLowABlKHKqV6mImURrGriqDhwfVeJyarugx+Uo811D2qSYTqLkQXW7u0esIxBM69w==}
    engines: {node: '>= 10'}
    cpu: [x64]
    os: [freebsd]

  '@tailwindcss/oxide-linux-arm-gnueabihf@4.0.0-alpha.17':
    resolution: {integrity: sha512-2GZ91U2fkqY9ohaPiQr1UJt0yAaZq7/5tFXvtRUY72PDYfz1PlnvxyDlQ16roepxi+Si52svLmzm7E9g4kVz/g==}
    engines: {node: '>= 10'}
    cpu: [arm]
    os: [linux]

  '@tailwindcss/oxide-linux-arm64-gnu@4.0.0-alpha.17':
    resolution: {integrity: sha512-11do1KeInnJo7vVJgI2bTJ3YHQ6jirbJB4KcfHS1sn9ArKUFJrgk+32QQGj+Gv39krgzSReNb84Xr+Oi6iCcyA==}
    engines: {node: '>= 10'}
    cpu: [arm64]
    os: [linux]

  '@tailwindcss/oxide-linux-arm64-musl@4.0.0-alpha.17':
    resolution: {integrity: sha512-qB0XX8iGafq7IJa7yDPVaDLQC2QhjtMgXgKggpgxjtLaSQDVJ53hHmmjglgLSghlHpZ0+mNfQDT8EOzRdhvj7Q==}
    engines: {node: '>= 10'}
    cpu: [arm64]
    os: [linux]

  '@tailwindcss/oxide-linux-x64-gnu@4.0.0-alpha.17':
    resolution: {integrity: sha512-iTsqmqxdcrLf77SagBIygip656YLEtl2wO5VMoeK3omYviM/ipNH2Vu5HZ6fB/qotX9gVzyz4iQovFAWvp6Azg==}
    engines: {node: '>= 10'}
    cpu: [x64]
    os: [linux]

  '@tailwindcss/oxide-linux-x64-musl@4.0.0-alpha.17':
    resolution: {integrity: sha512-2bHxD8yXy36dpIFUbDW7LRDKYpZXRcOC0PTVukobmkp+F0p8rEnTcI36DPLGEA8W3+FDIKbGQM4aMb1r/BbGZg==}
    engines: {node: '>= 10'}
    cpu: [x64]
    os: [linux]

  '@tailwindcss/oxide-win32-x64-msvc@4.0.0-alpha.17':
    resolution: {integrity: sha512-qNFwdHYQoJDfObko0WyutVrFPoaZB5pVkJ6FlR7M/0ylLvx/BR7kfyWZYmivi3DGXZmm4eMFLLYZjBjLHWbvUg==}
    engines: {node: '>= 10'}
    cpu: [x64]
    os: [win32]

  '@tailwindcss/oxide@4.0.0-alpha.17':
    resolution: {integrity: sha512-5FciVkCRpYRsVRyu8+ldiiOxGgXDJQLMzd5fjPCt7JZWhSZjS/QkXQdBc41Bcice3sgxTtKpKA4ef3sEcOfG/A==}
    engines: {node: '>= 10'}

  '@tailwindcss/postcss@4.0.0-alpha.17':
    resolution: {integrity: sha512-N0DQOSy+5c1/JkKt1yPja5Kb0QqpkYFFEcV5SK+Cnko+ncsDYOesEfIm00qAtb/9S9SWy5PGNHP7s0U21pWGyA==}

  '@types/node@20.14.11':
    resolution: {integrity: sha512-kprQpL8MMeszbz6ojB5/tU8PLN4kesnN8Gjzw349rDlNgsSzg90lAVj3llK99Dh7JON+t9AuscPPFW6mPbTnSA==}

  '@types/prop-types@15.7.12':
    resolution: {integrity: sha512-5zvhXYtRNRluoE/jAp4GVsSduVUzNWKkOZrCDBWYtE7biZywwdC2AcEzg+cSMLFRfVgeAFqpfNabiPjxFddV1Q==}

  '@types/react-dom@18.3.0':
    resolution: {integrity: sha512-EhwApuTmMBmXuFOikhQLIBUn6uFg81SwLMOAUgodJF14SOBOCMdU04gDoYi0WOJJHD144TL32z4yDqCW3dnkQg==}

  '@types/react@18.3.3':
    resolution: {integrity: sha512-hti/R0pS0q1/xx+TsI73XIqk26eBsISZ2R0wUijXIngRK9R/e7Xw/cXVxQK7R5JjW+SV4zGcn5hXjudkN/pLIw==}

  '@vercel/analytics@1.3.1':
    resolution: {integrity: sha512-xhSlYgAuJ6Q4WQGkzYTLmXwhYl39sWjoMA3nHxfkvG+WdBT25c563a7QhwwKivEOZtPJXifYHR1m2ihoisbWyA==}
    peerDependencies:
      next: '>= 13'
      react: ^18 || ^19
    peerDependenciesMeta:
      next:
        optional: true
      react:
        optional: true

  '@vercel/speed-insights@1.0.12':
    resolution: {integrity: sha512-ZGQ+a7bcfWJD2VYEp2R1LHvRAMyyaFBYytZXsfnbOMkeOvzGNVxUL7aVUvisIrTZjXTSsxG45DKX7yiw6nq2Jw==}
    peerDependencies:
      '@sveltejs/kit': ^1 || ^2
      next: '>= 13'
      react: ^18 || ^19
      svelte: ^4
      vue: ^3
      vue-router: ^4
    peerDependenciesMeta:
      '@sveltejs/kit':
        optional: true
      next:
        optional: true
      react:
        optional: true
      svelte:
        optional: true
      vue:
        optional: true
      vue-router:
        optional: true

  busboy@1.6.0:
    resolution: {integrity: sha512-8SFQbg/0hQ9xy3UNTB0YEnsNBbWfhf7RtnzpL7TkBiTBRfrQ9Fxcnz7VJsleJpyp6rVLvXiuORqjlHi5q+PYuA==}
    engines: {node: '>=10.16.0'}

  caniuse-lite@1.0.30001643:
    resolution: {integrity: sha512-ERgWGNleEilSrHM6iUz/zJNSQTP8Mr21wDWpdgvRwcTXGAq6jMtOUPP4dqFPTdKqZ2wKTdtB+uucZ3MRpAUSmg==}

  client-only@0.0.1:
    resolution: {integrity: sha512-IV3Ou0jSMzZrd3pZ48nLkT9DA7Ag1pnPzaiQhpW7c3RbcqqzvzzVu+L8gfqMp/8IM2MQtSiqaCxrrcfu8I8rMA==}

  color-convert@2.0.1:
    resolution: {integrity: sha512-RRECPsj7iu/xb5oKYcsFHSppFNnsj/52OVTRKb4zP5onXwVF3zVmmToNcOfGC+CRDpfK/U584fMg38ZHCaElKQ==}
    engines: {node: '>=7.0.0'}

  color-name@1.1.4:
    resolution: {integrity: sha512-dOy+3AuW3a2wNbZHIuMZpTcgjGuLU/uBL/ubcZF9OXbDo8ff4O8yVp5Bf0efS8uEoYo5q4Fx7dY9OgQGXgAsQA==}

  color-string@1.9.1:
    resolution: {integrity: sha512-shrVawQFojnZv6xM40anx4CkoDP+fZsw/ZerEMsW/pyzsRbElpsL/DBVW7q3ExxwusdNXI3lXpuhEZkzs8p5Eg==}

  color@4.2.3:
    resolution: {integrity: sha512-1rXeuUUiGGrykh+CeBdu5Ie7OJwinCgQY0bc7GCRxy5xVHy+moaqkpL/jqQq0MtQOeYcrqEz4abc5f0KtU7W4A==}
    engines: {node: '>=12.5.0'}

  csstype@3.1.3:
    resolution: {integrity: sha512-M1uQkMl8rQK/szD0LNhtqxIPLpimGm8sOBwU7lLnCpSbTyY3yeU1Vc7l4KT5zT4s/yOxHH5O7tIuuLOCnLADRw==}

  detect-libc@1.0.3:
    resolution: {integrity: sha512-pGjwhsmsp4kL2RTz08wcOlGN83otlqHeD/Z5T8GXZB+/YcpQ/dgo+lbU8ZsGxV0HIvqqxo9l7mqYwyYMD9bKDg==}
    engines: {node: '>=0.10'}
    hasBin: true

  detect-libc@2.0.3:
    resolution: {integrity: sha512-bwy0MGW55bG41VqxxypOsdSdGqLwXPI/focwgTYCFMbdUiBAxLg9CFzG08sz2aqzknwiX7Hkl0bQENjg8iLByw==}
    engines: {node: '>=8'}

  function-bind@1.1.2:
    resolution: {integrity: sha512-7XHNxH7qX9xG5mIwxkhumTox/MIRNcOgDrxWsMt2pAr23WHp6MrRlN7FBSFpCpr+oVO0F744iUgR82nJMfG2SA==}

  geist@1.3.1:
    resolution: {integrity: sha512-Q4gC1pBVPN+D579pBaz0TRRnGA4p9UK6elDY/xizXdFk/g4EKR5g0I+4p/Kj6gM0SajDBZ/0FvDV9ey9ud7BWw==}
    peerDependencies:
      next: '>=13.2.0'

  graceful-fs@4.2.11:
    resolution: {integrity: sha512-RbJ5/jmFcNNCcDV5o9eTnBLJ/HszWV0P73bc+Ff4nS/rJj+YaS6IGyiOL0VoBYX+l1Wrl3k63h/KrH+nhJ0XvQ==}

  hasown@2.0.2:
    resolution: {integrity: sha512-0hJU9SCPvmMzIBdZFqNPXWa6dqh7WdH0cII9y+CyS8rG3nL48Bclra9HmKhVVUHyPWNH5Y7xDwAB7bfgSjkUMQ==}
    engines: {node: '>= 0.4'}

  is-arrayish@0.3.2:
    resolution: {integrity: sha512-eVRqCvVlZbuw3GrM63ovNSNAeA1K16kaR/LRY/92w0zxQ5/1YzwblUX652i4Xs9RwAGjW9d9y6X88t8OaAJfWQ==}

  is-core-module@2.15.0:
    resolution: {integrity: sha512-Dd+Lb2/zvk9SKy1TGCt1wFJFo/MWBPMX5x7KcvLajWTGuomczdQX61PvY5yK6SVACwpoexWo81IfFyoKY2QnTA==}
    engines: {node: '>= 0.4'}

  lightningcss-darwin-arm64@1.25.1:
    resolution: {integrity: sha512-G4Dcvv85bs5NLENcu/s1f7ehzE3D5ThnlWSDwE190tWXRQCQaqwcuHe+MGSVI/slm0XrxnaayXY+cNl3cSricw==}
    engines: {node: '>= 12.0.0'}
    cpu: [arm64]
    os: [darwin]

  lightningcss-darwin-x64@1.25.1:
    resolution: {integrity: sha512-dYWuCzzfqRueDSmto6YU5SoGHvZTMU1Em9xvhcdROpmtOQLorurUZz8+xFxZ51lCO2LnYbfdjZ/gCqWEkwixNg==}
    engines: {node: '>= 12.0.0'}
    cpu: [x64]
    os: [darwin]

  lightningcss-freebsd-x64@1.25.1:
    resolution: {integrity: sha512-hXoy2s9A3KVNAIoKz+Fp6bNeY+h9c3tkcx1J3+pS48CqAt+5bI/R/YY4hxGL57fWAIquRjGKW50arltD6iRt/w==}
    engines: {node: '>= 12.0.0'}
    cpu: [x64]
    os: [freebsd]

  lightningcss-linux-arm-gnueabihf@1.25.1:
    resolution: {integrity: sha512-tWyMgHFlHlp1e5iW3EpqvH5MvsgoN7ZkylBbG2R2LWxnvH3FuWCJOhtGcYx9Ks0Kv0eZOBud789odkYLhyf1ng==}
    engines: {node: '>= 12.0.0'}
    cpu: [arm]
    os: [linux]

  lightningcss-linux-arm64-gnu@1.25.1:
    resolution: {integrity: sha512-Xjxsx286OT9/XSnVLIsFEDyDipqe4BcLeB4pXQ/FEA5+2uWCCuAEarUNQumRucnj7k6ftkAHUEph5r821KBccQ==}
    engines: {node: '>= 12.0.0'}
    cpu: [arm64]
    os: [linux]

  lightningcss-linux-arm64-musl@1.25.1:
    resolution: {integrity: sha512-IhxVFJoTW8wq6yLvxdPvyHv4NjzcpN1B7gjxrY3uaykQNXPHNIpChLB52+wfH+yS58zm1PL4LemUp8u9Cfp6Bw==}
    engines: {node: '>= 12.0.0'}
    cpu: [arm64]
    os: [linux]

  lightningcss-linux-x64-gnu@1.25.1:
    resolution: {integrity: sha512-RXIaru79KrREPEd6WLXfKfIp4QzoppZvD3x7vuTKkDA64PwTzKJ2jaC43RZHRt8BmyIkRRlmywNhTRMbmkPYpA==}
    engines: {node: '>= 12.0.0'}
    cpu: [x64]
    os: [linux]

  lightningcss-linux-x64-musl@1.25.1:
    resolution: {integrity: sha512-TdcNqFsAENEEFr8fJWg0Y4fZ/nwuqTRsIr7W7t2wmDUlA8eSXVepeeONYcb+gtTj1RaXn/WgNLB45SFkz+XBZA==}
    engines: {node: '>= 12.0.0'}
    cpu: [x64]
    os: [linux]

  lightningcss-win32-x64-msvc@1.25.1:
    resolution: {integrity: sha512-9KZZkmmy9oGDSrnyHuxP6iMhbsgChUiu/NSgOx+U1I/wTngBStDf2i2aGRCHvFqj19HqqBEI4WuGVQBa2V6e0A==}
    engines: {node: '>= 12.0.0'}
    cpu: [x64]
    os: [win32]

  lightningcss@1.25.1:
    resolution: {integrity: sha512-V0RMVZzK1+rCHpymRv4URK2lNhIRyO8g7U7zOFwVAhJuat74HtkjIQpQRKNCwFEYkRGpafOpmXXLoaoBcyVtBg==}
    engines: {node: '>= 12.0.0'}

  nanoid@3.3.7:
    resolution: {integrity: sha512-eSRppjcPIatRIMC1U6UngP8XFcz8MQWGQdt1MTBQ7NaAmvXDfvNxbvWV3x2y6CdEUciCSsDHDQZbhYaB8QEo2g==}
    engines: {node: ^10 || ^12 || ^13.7 || ^14 || >=15.0.1}
    hasBin: true

  next@15.0.0-canary.32:
    resolution: {integrity: sha512-+XUCONiz0rEvYSqdfLtXYo13up1yyiNUieL3pE8xI3bxruRUs2LscKvq9qT7GFwglMhDS7H8K+A0aBpHO0k8TA==}
    engines: {node: '>=18.17.0', pnpm: 8.15.7}
    hasBin: true
    peerDependencies:
      '@opentelemetry/api': ^1.1.0
      '@playwright/test': ^1.41.2
      babel-plugin-react-compiler: '*'
      react: 19.0.0-rc.0
      react-dom: 19.0.0-rc.0
      sass: ^1.3.0
    peerDependenciesMeta:
      '@opentelemetry/api':
        optional: true
      '@playwright/test':
        optional: true
      babel-plugin-react-compiler:
        optional: true
      sass:
        optional: true

  path-parse@1.0.7:
    resolution: {integrity: sha512-LDJzPVEEEPR+y48z93A0Ed0yXb8pAByGWo/k5YYdYgpY2/2EsOsksJrq7lOHxryrVOn1ejG6oAp8ahvOIQD8sw==}

  picocolors@1.0.1:
    resolution: {integrity: sha512-anP1Z8qwhkbmu7MFP5iTt+wQKXgwzf7zTyGlcdzabySa9vd0Xt392U0rVmz9poOaBj0uHJKyyo9/upk0HrEQew==}

  pify@2.3.0:
    resolution: {integrity: sha512-udgsAY+fTnvv7kI7aaxbqwWNb0AHiB0qBO89PZKPkoTmGOgdbrHDKD+0B2X4uTfJ/FT1R09r9gTsjUjNJotuog==}
    engines: {node: '>=0.10.0'}

  postcss-import@16.1.0:
    resolution: {integrity: sha512-7hsAZ4xGXl4MW+OKEWCnF6T5jqBw80/EE9aXg1r2yyn1RsVEU8EtKXbijEODa+rg7iih4bKf7vlvTGYR4CnPNg==}
    engines: {node: '>=18.0.0'}
    peerDependencies:
      postcss: ^8.0.0

  postcss-value-parser@4.2.0:
    resolution: {integrity: sha512-1NNCs6uurfkVbeXG4S8JFT9t19m45ICnif8zWLd5oPSZ50QnwMfK+H3jv408d4jw/7Bttv5axS5IiHoLaVNHeQ==}

  postcss@8.4.31:
    resolution: {integrity: sha512-PS08Iboia9mts/2ygV3eLpY5ghnUcfLV/EXTOW1E2qYxJKGGBUtNjN76FYHnMs36RmARn41bC0AZmn+rR0OVpQ==}
    engines: {node: ^10 || ^12 || >=14}

  postcss@8.4.39:
    resolution: {integrity: sha512-0vzE+lAiG7hZl1/9I8yzKLx3aR9Xbof3fBHKunvMfOCYAtMhrsnccJY2iTURb9EZd5+pLuiNV9/c/GZJOHsgIw==}
    engines: {node: ^10 || ^12 || >=14}

  react-dom@19.0.0-rc.0:
    resolution: {integrity: sha512-MhgN2RMYFUkZekkFbsXg9ycwEGaMBzATpTNvGGvWNA9BZZEkdzIL4pv7iDuZKn48YoGARk8ydu4S+Ehd8Yrc4g==}
    peerDependencies:
      react: 19.0.0-rc.0

  react@19.0.0-rc.0:
    resolution: {integrity: sha512-8nrDCl5uE54FHeKqKrEO0TS+10bT4cxutJGb2okiJc0FHMQ6I3FeItaqly/1nbijlhSO3HmAVyPIexIQQWYAtQ==}
    engines: {node: '>=0.10.0'}

  read-cache@1.0.0:
    resolution: {integrity: sha512-Owdv/Ft7IjOgm/i0xvNDZ1LrRANRfew4b2prF3OWMQLxLfu3bS8FVhCsrSCMK4lR56Y9ya+AThoTpDCTxCmpRA==}

  resolve@1.22.8:
    resolution: {integrity: sha512-oKWePCxqpd6FlLvGV1VU0x7bkPmmCNolxzjMf4NczoDnQcIWrAF+cPtZn5i6n+RfD2d9i0tzpKnG6Yk168yIyw==}
    hasBin: true

  scheduler@0.25.0-rc.0:
    resolution: {integrity: sha512-B3aSqMfoRkucM94MztZD1CyNyf68W9A3dL/TT453G6uNcxMBqGQ+rhFKyxNnWH/mfRHlGBr0tF0F472JCETH4g==}

  semver@7.6.3:
    resolution: {integrity: sha512-oVekP1cKtI+CTDvHWYFUcMtsK/00wmAEfyqKfNdARm8u1wNVhSgaX7A8d4UuIlUI5e84iEwOhs7ZPYRmzU9U6A==}
    engines: {node: '>=10'}
    hasBin: true

  server-only@0.0.1:
    resolution: {integrity: sha512-qepMx2JxAa5jjfzxG79yPPq+8BuFToHd1hm7kI+Z4zAq1ftQiP7HcxMhDDItrbtwVeLg/cY2JnKnrcFkmiswNA==}

  sharp@0.33.4:
    resolution: {integrity: sha512-7i/dt5kGl7qR4gwPRD2biwD2/SvBn3O04J77XKFgL2OnZtQw+AG9wnuS/csmu80nPRHLYE9E41fyEiG8nhH6/Q==}
    engines: {libvips: '>=8.15.2', node: ^18.17.0 || ^20.3.0 || >=21.0.0}

  simple-swizzle@0.2.2:
    resolution: {integrity: sha512-JA//kQgZtbuY83m+xT+tXJkmJncGMTFT+C+g2h2R9uxkYIrE2yy9sgmcLhCnw57/WSD+Eh3J97FPEDFnbXnDUg==}

  source-map-js@1.2.0:
    resolution: {integrity: sha512-itJW8lvSA0TXEphiRoawsCksnlf8SyvmFzIhltqAHluXd88pkCd+cXJVHTDwdCr0IzwptSm035IHQktUu1QUMg==}
    engines: {node: '>=0.10.0'}

  streamsearch@1.1.0:
    resolution: {integrity: sha512-Mcc5wHehp9aXz1ax6bZUyY5afg9u2rv5cqQI3mRrYkGC8rW2hM02jWuwjtL++LS5qinSyhj2QfLyNsuc+VsExg==}
    engines: {node: '>=10.0.0'}

  styled-jsx@5.1.6:
    resolution: {integrity: sha512-qSVyDTeMotdvQYoHWLNGwRFJHC+i+ZvdBRYosOFgC+Wg1vx4frN2/RG/NA7SYqqvKNLf39P2LSRA2pu6n0XYZA==}
    engines: {node: '>= 12.0.0'}
    peerDependencies:
      '@babel/core': '*'
      babel-plugin-macros: '*'
      react: '>= 16.8.0 || 17.x.x || ^18.0.0-0 || ^19.0.0-0'
    peerDependenciesMeta:
      '@babel/core':
        optional: true
      babel-plugin-macros:
        optional: true

  supports-preserve-symlinks-flag@1.0.0:
    resolution: {integrity: sha512-ot0WnXS9fgdkgIcePe6RHNk1WA8+muPa6cSjeR3V8K27q9BB1rTE3R1p7Hv0z1ZyAc8s6Vvv8DIyWf681MAt0w==}
    engines: {node: '>= 0.4'}

  tailwindcss@4.0.0-alpha.17:
    resolution: {integrity: sha512-wWr6kvH40Hp1LQVcD738ojwU6+muJnpIUZw3J2EqjOdqHpg3iUIkrrQszP5HP4nwi4qBsoCoHPWVJ3Qw4f1IZw==}

  tslib@2.6.3:
    resolution: {integrity: sha512-xNvxJEOUiWPGhUuUdQgAJPKOOJfGnIyKySOc09XkKsgdUV/3E2zvwZYdejjmRgPCgcym1juLH3226yA7sEFJKQ==}

  typescript@5.5.3:
    resolution: {integrity: sha512-/hreyEujaB0w76zKo6717l3L0o/qEUtRgdvUBvlkhoWeOVMjMuHNHk0BRBzikzuGDqNmPQbg5ifMEqsHLiIUcQ==}
    engines: {node: '>=14.17'}
    hasBin: true

  undici-types@5.26.5:
    resolution: {integrity: sha512-JlCMO+ehdEIKqlFxk6IfVoAUVmgz7cU7zD/h9XZ0qzeosSHmUJVOzSQvvYSYWXkFXC+IfLKSIffhv0sVZup6pA==}

  yet-another-react-lightbox@3.21.1:
    resolution: {integrity: sha512-/+5YyPg61BDGsMzUkBluxjoi6eU1EXwztRugU31iCj1aaPImvofgewsOAifY0HzYelXmKZgRWkbRtleSy6Cviw==}
    engines: {node: '>=14'}
    peerDependencies:
      react: '>=16.8.0'
      react-dom: '>=16.8.0'

snapshots:

  '@emnapi/runtime@1.2.0':
    dependencies:
      tslib: 2.6.3
    optional: true

  '@img/sharp-darwin-arm64@0.33.4':
    optionalDependencies:
      '@img/sharp-libvips-darwin-arm64': 1.0.2
    optional: true

  '@img/sharp-darwin-x64@0.33.4':
    optionalDependencies:
      '@img/sharp-libvips-darwin-x64': 1.0.2
    optional: true

  '@img/sharp-libvips-darwin-arm64@1.0.2':
    optional: true

  '@img/sharp-libvips-darwin-x64@1.0.2':
    optional: true

  '@img/sharp-libvips-linux-arm64@1.0.2':
    optional: true

  '@img/sharp-libvips-linux-arm@1.0.2':
    optional: true

  '@img/sharp-libvips-linux-s390x@1.0.2':
    optional: true

  '@img/sharp-libvips-linux-x64@1.0.2':
    optional: true

  '@img/sharp-libvips-linuxmusl-arm64@1.0.2':
    optional: true

  '@img/sharp-libvips-linuxmusl-x64@1.0.2':
    optional: true

  '@img/sharp-linux-arm64@0.33.4':
    optionalDependencies:
      '@img/sharp-libvips-linux-arm64': 1.0.2
    optional: true

  '@img/sharp-linux-arm@0.33.4':
    optionalDependencies:
      '@img/sharp-libvips-linux-arm': 1.0.2
    optional: true

  '@img/sharp-linux-s390x@0.33.4':
    optionalDependencies:
      '@img/sharp-libvips-linux-s390x': 1.0.2
    optional: true

  '@img/sharp-linux-x64@0.33.4':
    optionalDependencies:
      '@img/sharp-libvips-linux-x64': 1.0.2
    optional: true

  '@img/sharp-linuxmusl-arm64@0.33.4':
    optionalDependencies:
      '@img/sharp-libvips-linuxmusl-arm64': 1.0.2
    optional: true

  '@img/sharp-linuxmusl-x64@0.33.4':
    optionalDependencies:
      '@img/sharp-libvips-linuxmusl-x64': 1.0.2
    optional: true

  '@img/sharp-wasm32@0.33.4':
    dependencies:
      '@emnapi/runtime': 1.2.0
    optional: true

  '@img/sharp-win32-ia32@0.33.4':
    optional: true

  '@img/sharp-win32-x64@0.33.4':
    optional: true

  '@next/env@15.0.0-canary.32': {}

  '@next/swc-darwin-arm64@15.0.0-canary.32':
    optional: true

  '@next/swc-darwin-x64@15.0.0-canary.32':
    optional: true

  '@next/swc-linux-arm64-gnu@15.0.0-canary.32':
    optional: true

  '@next/swc-linux-arm64-musl@15.0.0-canary.32':
    optional: true

  '@next/swc-linux-x64-gnu@15.0.0-canary.32':
    optional: true

  '@next/swc-linux-x64-musl@15.0.0-canary.32':
    optional: true

  '@next/swc-win32-arm64-msvc@15.0.0-canary.32':
    optional: true

  '@next/swc-win32-ia32-msvc@15.0.0-canary.32':
    optional: true

  '@next/swc-win32-x64-msvc@15.0.0-canary.32':
    optional: true

  '@swc/helpers@0.5.11':
    dependencies:
      tslib: 2.6.3

  '@tailwindcss/oxide-android-arm64@4.0.0-alpha.17':
    optional: true

  '@tailwindcss/oxide-darwin-arm64@4.0.0-alpha.17':
    optional: true

  '@tailwindcss/oxide-darwin-x64@4.0.0-alpha.17':
    optional: true

  '@tailwindcss/oxide-freebsd-x64@4.0.0-alpha.17':
    optional: true

  '@tailwindcss/oxide-linux-arm-gnueabihf@4.0.0-alpha.17':
    optional: true

  '@tailwindcss/oxide-linux-arm64-gnu@4.0.0-alpha.17':
    optional: true

  '@tailwindcss/oxide-linux-arm64-musl@4.0.0-alpha.17':
    optional: true

  '@tailwindcss/oxide-linux-x64-gnu@4.0.0-alpha.17':
    optional: true

  '@tailwindcss/oxide-linux-x64-musl@4.0.0-alpha.17':
    optional: true

  '@tailwindcss/oxide-win32-x64-msvc@4.0.0-alpha.17':
    optional: true

  '@tailwindcss/oxide@4.0.0-alpha.17':
    optionalDependencies:
      '@tailwindcss/oxide-android-arm64': 4.0.0-alpha.17
      '@tailwindcss/oxide-darwin-arm64': 4.0.0-alpha.17
      '@tailwindcss/oxide-darwin-x64': 4.0.0-alpha.17
      '@tailwindcss/oxide-freebsd-x64': 4.0.0-alpha.17
      '@tailwindcss/oxide-linux-arm-gnueabihf': 4.0.0-alpha.17
      '@tailwindcss/oxide-linux-arm64-gnu': 4.0.0-alpha.17
      '@tailwindcss/oxide-linux-arm64-musl': 4.0.0-alpha.17
      '@tailwindcss/oxide-linux-x64-gnu': 4.0.0-alpha.17
      '@tailwindcss/oxide-linux-x64-musl': 4.0.0-alpha.17
      '@tailwindcss/oxide-win32-x64-msvc': 4.0.0-alpha.17

  '@tailwindcss/postcss@4.0.0-alpha.17(postcss@8.4.39)':
    dependencies:
      '@tailwindcss/oxide': 4.0.0-alpha.17
      lightningcss: 1.25.1
      postcss-import: 16.1.0(postcss@8.4.39)
      tailwindcss: 4.0.0-alpha.17
    transitivePeerDependencies:
      - postcss

  '@types/node@20.14.11':
    dependencies:
      undici-types: 5.26.5

  '@types/prop-types@15.7.12': {}

  '@types/react-dom@18.3.0':
    dependencies:
      '@types/react': 18.3.3

  '@types/react@18.3.3':
    dependencies:
      '@types/prop-types': 15.7.12
      csstype: 3.1.3

  '@vercel/analytics@1.3.1(next@15.0.0-canary.32(react-dom@19.0.0-rc.0(react@19.0.0-rc.0))(react@19.0.0-rc.0))(react@19.0.0-rc.0)':
    dependencies:
      server-only: 0.0.1
    optionalDependencies:
      next: 15.0.0-canary.32(react-dom@19.0.0-rc.0(react@19.0.0-rc.0))(react@19.0.0-rc.0)
      react: 19.0.0-rc.0

  '@vercel/speed-insights@1.0.12(next@15.0.0-canary.32(react-dom@19.0.0-rc.0(react@19.0.0-rc.0))(react@19.0.0-rc.0))(react@19.0.0-rc.0)':
    optionalDependencies:
      next: 15.0.0-canary.32(react-dom@19.0.0-rc.0(react@19.0.0-rc.0))(react@19.0.0-rc.0)
      react: 19.0.0-rc.0

  busboy@1.6.0:
    dependencies:
      streamsearch: 1.1.0

  caniuse-lite@1.0.30001643: {}

  client-only@0.0.1: {}

  color-convert@2.0.1:
    dependencies:
      color-name: 1.1.4

  color-name@1.1.4: {}

  color-string@1.9.1:
    dependencies:
      color-name: 1.1.4
      simple-swizzle: 0.2.2

  color@4.2.3:
    dependencies:
      color-convert: 2.0.1
      color-string: 1.9.1

  csstype@3.1.3: {}

  detect-libc@1.0.3: {}

  detect-libc@2.0.3: {}

  function-bind@1.1.2: {}

  geist@1.3.1(next@15.0.0-canary.32(react-dom@19.0.0-rc.0(react@19.0.0-rc.0))(react@19.0.0-rc.0)):
    dependencies:
      next: 15.0.0-canary.32(react-dom@19.0.0-rc.0(react@19.0.0-rc.0))(react@19.0.0-rc.0)

  graceful-fs@4.2.11: {}

  hasown@2.0.2:
    dependencies:
      function-bind: 1.1.2

  is-arrayish@0.3.2: {}

  is-core-module@2.15.0:
    dependencies:
      hasown: 2.0.2

  lightningcss-darwin-arm64@1.25.1:
    optional: true

  lightningcss-darwin-x64@1.25.1:
    optional: true

  lightningcss-freebsd-x64@1.25.1:
    optional: true

  lightningcss-linux-arm-gnueabihf@1.25.1:
    optional: true

  lightningcss-linux-arm64-gnu@1.25.1:
    optional: true

  lightningcss-linux-arm64-musl@1.25.1:
    optional: true

  lightningcss-linux-x64-gnu@1.25.1:
    optional: true

  lightningcss-linux-x64-musl@1.25.1:
    optional: true

  lightningcss-win32-x64-msvc@1.25.1:
    optional: true

  lightningcss@1.25.1:
    dependencies:
      detect-libc: 1.0.3
    optionalDependencies:
      lightningcss-darwin-arm64: 1.25.1
      lightningcss-darwin-x64: 1.25.1
      lightningcss-freebsd-x64: 1.25.1
      lightningcss-linux-arm-gnueabihf: 1.25.1
      lightningcss-linux-arm64-gnu: 1.25.1
      lightningcss-linux-arm64-musl: 1.25.1
      lightningcss-linux-x64-gnu: 1.25.1
      lightningcss-linux-x64-musl: 1.25.1
      lightningcss-win32-x64-msvc: 1.25.1

  nanoid@3.3.7: {}

  next@15.0.0-canary.32(react-dom@19.0.0-rc.0(react@19.0.0-rc.0))(react@19.0.0-rc.0):
    dependencies:
      '@next/env': 15.0.0-canary.32
      '@swc/helpers': 0.5.11
      busboy: 1.6.0
      caniuse-lite: 1.0.30001643
      graceful-fs: 4.2.11
      postcss: 8.4.31
      react: 19.0.0-rc.0
      react-dom: 19.0.0-rc.0(react@19.0.0-rc.0)
      styled-jsx: 5.1.6(react@19.0.0-rc.0)
    optionalDependencies:
      '@next/swc-darwin-arm64': 15.0.0-canary.32
      '@next/swc-darwin-x64': 15.0.0-canary.32
      '@next/swc-linux-arm64-gnu': 15.0.0-canary.32
      '@next/swc-linux-arm64-musl': 15.0.0-canary.32
      '@next/swc-linux-x64-gnu': 15.0.0-canary.32
      '@next/swc-linux-x64-musl': 15.0.0-canary.32
      '@next/swc-win32-arm64-msvc': 15.0.0-canary.32
      '@next/swc-win32-ia32-msvc': 15.0.0-canary.32
      '@next/swc-win32-x64-msvc': 15.0.0-canary.32
      sharp: 0.33.4
    transitivePeerDependencies:
      - '@babel/core'
      - babel-plugin-macros

  path-parse@1.0.7: {}

  picocolors@1.0.1: {}

  pify@2.3.0: {}

  postcss-import@16.1.0(postcss@8.4.39):
    dependencies:
      postcss: 8.4.39
      postcss-value-parser: 4.2.0
      read-cache: 1.0.0
      resolve: 1.22.8

  postcss-value-parser@4.2.0: {}

  postcss@8.4.31:
    dependencies:
      nanoid: 3.3.7
      picocolors: 1.0.1
      source-map-js: 1.2.0

  postcss@8.4.39:
    dependencies:
      nanoid: 3.3.7
      picocolors: 1.0.1
      source-map-js: 1.2.0

  react-dom@19.0.0-rc.0(react@19.0.0-rc.0):
    dependencies:
      react: 19.0.0-rc.0
      scheduler: 0.25.0-rc.0

  react@19.0.0-rc.0: {}

  read-cache@1.0.0:
    dependencies:
      pify: 2.3.0

  resolve@1.22.8:
    dependencies:
      is-core-module: 2.15.0
      path-parse: 1.0.7
      supports-preserve-symlinks-flag: 1.0.0

  scheduler@0.25.0-rc.0: {}

  semver@7.6.3: {}

  server-only@0.0.1: {}

  sharp@0.33.4:
    dependencies:
      color: 4.2.3
      detect-libc: 2.0.3
      semver: 7.6.3
    optionalDependencies:
      '@img/sharp-darwin-arm64': 0.33.4
      '@img/sharp-darwin-x64': 0.33.4
      '@img/sharp-libvips-darwin-arm64': 1.0.2
      '@img/sharp-libvips-darwin-x64': 1.0.2
      '@img/sharp-libvips-linux-arm': 1.0.2
      '@img/sharp-libvips-linux-arm64': 1.0.2
      '@img/sharp-libvips-linux-s390x': 1.0.2
      '@img/sharp-libvips-linux-x64': 1.0.2
      '@img/sharp-libvips-linuxmusl-arm64': 1.0.2
      '@img/sharp-libvips-linuxmusl-x64': 1.0.2
      '@img/sharp-linux-arm': 0.33.4
      '@img/sharp-linux-arm64': 0.33.4
      '@img/sharp-linux-s390x': 0.33.4
      '@img/sharp-linux-x64': 0.33.4
      '@img/sharp-linuxmusl-arm64': 0.33.4
      '@img/sharp-linuxmusl-x64': 0.33.4
      '@img/sharp-wasm32': 0.33.4
      '@img/sharp-win32-ia32': 0.33.4
      '@img/sharp-win32-x64': 0.33.4

  simple-swizzle@0.2.2:
    dependencies:
      is-arrayish: 0.3.2

  source-map-js@1.2.0: {}

  streamsearch@1.1.0: {}

  styled-jsx@5.1.6(react@19.0.0-rc.0):
    dependencies:
      client-only: 0.0.1
      react: 19.0.0-rc.0

  supports-preserve-symlinks-flag@1.0.0: {}

  tailwindcss@4.0.0-alpha.17: {}

  tslib@2.6.3: {}

  typescript@5.5.3: {}

  undici-types@5.26.5: {}

  yet-another-react-lightbox@3.21.1(react-dom@19.0.0-rc.0(react@19.0.0-rc.0))(react@19.0.0-rc.0):
    dependencies:
      react: 19.0.0-rc.0
      react-dom: 19.0.0-rc.0(react@19.0.0-rc.0)
